// !$*UTF8*$!
{
	archiveVersion = 1;
	classes = {
	};
	objectVersion = 77;
	objects = {

/* Begin PBXBuildFile section */
		0CE33334719FBAA2022BD4CB /* CalendarEvent+Schema.swift in Sources */ = {isa = PBXBuildFile; fileRef = CABBCF7331B1BF40DF577A82 /* CalendarEvent+Schema.swift */; };
		17C1FFC8FD0E44685841B25C /* OvertimeInvite.swift in Sources */ = {isa = PBXBuildFile; fileRef = 791FAF0547B3C881AF6FF08D /* OvertimeInvite.swift */; };
		2DCC651CF052ACD178776CCB /* NotificationPreference+Schema.swift in Sources */ = {isa = PBXBuildFile; fileRef = B826640F44F9259933B72D7B /* NotificationPreference+Schema.swift */; };
		459BE67F5E1B54A276F2FC02 /* AmplifyModels.swift in Sources */ = {isa = PBXBuildFile; fileRef = 28014DD71E7B8CE726DF33C2 /* AmplifyModels.swift */; };
		473897771F4EEC7C45A1BE2D /* OvertimePosting+Schema.swift in Sources */ = {isa = PBXBuildFile; fileRef = 1F7B7469946ECDD5756BDD4D /* OvertimePosting+Schema.swift */; };
		543B2335033A4A6958AD87B3 /* CalendarEvent.swift in Sources */ = {isa = PBXBuildFile; fileRef = 7A989399D774355532F71811 /* CalendarEvent.swift */; };
		60B37DB1159AF84F01BF59D1 /* NotificationSendResult+Schema.swift in Sources */ = {isa = PBXBuildFile; fileRef = 0F06EC64D66E310FAB676CA9 /* NotificationSendResult+Schema.swift */; };
		651F21104D5A6640569C672E /* OvertimeAuditEvent+Schema.swift in Sources */ = {isa = PBXBuildFile; fileRef = 773D6F1EF0ACDC7ACBD19F5B /* OvertimeAuditEvent+Schema.swift */; };
		6AE7B6AB9A8E97ABD02D9FEA /* NotificationMessage+Schema.swift in Sources */ = {isa = PBXBuildFile; fileRef = 0661E363B468AC6D64F3B96D /* NotificationMessage+Schema.swift */; };
		6B4416F142B23AFB1F56EF95 /* OfficerAssignment+Schema.swift in Sources */ = {isa = PBXBuildFile; fileRef = DB46A8CD8B72DCEB299BA340 /* OfficerAssignment+Schema.swift */; };
		72EC7C563BED467153BAC6FD /* Vehicle.swift in Sources */ = {isa = PBXBuildFile; fileRef = 96AD7B320251FBFAB740AC94 /* Vehicle.swift */; };
		7404CEA970190EB5B27EAB9A /* OvertimeSelectionPolicy.swift in Sources */ = {isa = PBXBuildFile; fileRef = 24ABD1C82552B46D0AAEB3B2 /* OvertimeSelectionPolicy.swift */; };
		743DB27179F8E40B83F2D65C /* OvertimeInviteStatus.swift in Sources */ = {isa = PBXBuildFile; fileRef = EDC4D4A122A5CAE967600334 /* OvertimeInviteStatus.swift */; };
		750A6F6DE8B733151125EE99 /* NotificationMessage.swift in Sources */ = {isa = PBXBuildFile; fileRef = 0694069AFF0D4DE067F1E531 /* NotificationMessage.swift */; };
		76C15500222D08D88C5CEE5D /* NotificationPlatform.swift in Sources */ = {isa = PBXBuildFile; fileRef = CA2356A5B728AFB6BE1C83EA /* NotificationPlatform.swift */; };
		80AD93968A5D58B34C752262 /* awsconfiguration.json in Resources */ = {isa = PBXBuildFile; fileRef = 9EDF4779F31D43BE4013F524 /* awsconfiguration.json */; };
		9978E5D77B376AF7BADAF244 /* NotificationSendResult.swift in Sources */ = {isa = PBXBuildFile; fileRef = EDAE300A9298694B8916BB9C /* NotificationSendResult.swift */; };
		A3F016FF4186C8F5EE810FAC /* NotificationCategory.swift in Sources */ = {isa = PBXBuildFile; fileRef = 678FDCCE5A25C88C91A5FE81 /* NotificationCategory.swift */; };
		A48808452EBF99BC0086EADE /* amplifyconfiguration.json in Resources */ = {isa = PBXBuildFile; fileRef = A48808442EBF99BC0086EADE /* amplifyconfiguration.json */; };
		A48808462EBF99BC0086EADE /* amplifyconfiguration.json in Resources */ = {isa = PBXBuildFile; fileRef = A48808442EBF99BC0086EADE /* amplifyconfiguration.json */; };
		A48808472EBF99BC0086EADE /* amplifyconfiguration.json in Resources */ = {isa = PBXBuildFile; fileRef = A48808442EBF99BC0086EADE /* amplifyconfiguration.json */; };
		A4D24BBD2EB909F200FFACC2 /* amplify_outputs.json in Resources */ = {isa = PBXBuildFile; fileRef = A4D24BBC2EB909F200FFACC2 /* amplify_outputs.json */; };
		A4D24BBE2EB909F200FFACC2 /* amplify_outputs.json in Resources */ = {isa = PBXBuildFile; fileRef = A4D24BBC2EB909F200FFACC2 /* amplify_outputs.json */; };
		A4D24BBF2EB909F200FFACC2 /* amplify_outputs.json in Resources */ = {isa = PBXBuildFile; fileRef = A4D24BBC2EB909F200FFACC2 /* amplify_outputs.json */; };
		A4D24BC22EB90A5C00FFACC2 /* AWSAPIPlugin in Frameworks */ = {isa = PBXBuildFile; productRef = A4D24BC12EB90A5C00FFACC2 /* AWSAPIPlugin */; };
		A4D24BC42EB90A5C00FFACC2 /* AWSCloudWatchLoggingPlugin in Frameworks */ = {isa = PBXBuildFile; productRef = A4D24BC32EB90A5C00FFACC2 /* AWSCloudWatchLoggingPlugin */; };
		A4D24BC62EB90A5C00FFACC2 /* AWSCognitoAuthPlugin in Frameworks */ = {isa = PBXBuildFile; productRef = A4D24BC52EB90A5C00FFACC2 /* AWSCognitoAuthPlugin */; };
		A4D24BC82EB90A5C00FFACC2 /* AWSDataStorePlugin in Frameworks */ = {isa = PBXBuildFile; productRef = A4D24BC72EB90A5C00FFACC2 /* AWSDataStorePlugin */; };
		A4D24BCA2EB90A5C00FFACC2 /* AWSLocationGeoPlugin in Frameworks */ = {isa = PBXBuildFile; productRef = A4D24BC92EB90A5C00FFACC2 /* AWSLocationGeoPlugin */; };
		A4D24BCC2EB90A5C00FFACC2 /* AWSPinpointAnalyticsPlugin in Frameworks */ = {isa = PBXBuildFile; productRef = A4D24BCB2EB90A5C00FFACC2 /* AWSPinpointAnalyticsPlugin */; };
		A4D24BCE2EB90A5C00FFACC2 /* AWSPinpointPushNotificationsPlugin in Frameworks */ = {isa = PBXBuildFile; productRef = A4D24BCD2EB90A5C00FFACC2 /* AWSPinpointPushNotificationsPlugin */; };
		A4D24BD02EB90A5C00FFACC2 /* AWSPluginsCore in Frameworks */ = {isa = PBXBuildFile; productRef = A4D24BCF2EB90A5C00FFACC2 /* AWSPluginsCore */; };
		A4D24BD22EB90A5C00FFACC2 /* AWSPredictionsPlugin in Frameworks */ = {isa = PBXBuildFile; productRef = A4D24BD12EB90A5C00FFACC2 /* AWSPredictionsPlugin */; };
		A4D24BD42EB90A5C00FFACC2 /* AWSS3StoragePlugin in Frameworks */ = {isa = PBXBuildFile; productRef = A4D24BD32EB90A5C00FFACC2 /* AWSS3StoragePlugin */; };
		A4D24BD62EB90A5C00FFACC2 /* Amplify in Frameworks */ = {isa = PBXBuildFile; productRef = A4D24BD52EB90A5C00FFACC2 /* Amplify */; };
		A4D24BD82EB90A5C00FFACC2 /* CoreMLPredictionsPlugin in Frameworks */ = {isa = PBXBuildFile; productRef = A4D24BD72EB90A5C00FFACC2 /* CoreMLPredictionsPlugin */; };
		A4D24BDB2EB9104A00FFACC2 /* Authenticator in Frameworks */ = {isa = PBXBuildFile; productRef = A4D24BDA2EB9104A00FFACC2 /* Authenticator */; };
		A4D24BED2EB9503B00FFACC2 /* Vehicle+Schema.swift in Sources */ = {isa = PBXBuildFile; fileRef = A4D24BEB2EB9503B00FFACC2 /* Vehicle+Schema.swift */; };
		A4D24BEE2EB9503B00FFACC2 /* RosterEntry+Schema.swift in Sources */ = {isa = PBXBuildFile; fileRef = A4D24BE92EB9503B00FFACC2 /* RosterEntry+Schema.swift */; };
		A4D24BF02EB9503B00FFACC2 /* RosterEntry.swift in Sources */ = {isa = PBXBuildFile; fileRef = A4D24BE82EB9503B00FFACC2 /* RosterEntry.swift */; };
		A4D24BF12EB9503B00FFACC2 /* Vehicle.swift in Sources */ = {isa = PBXBuildFile; fileRef = A4D24BEA2EB9503B00FFACC2 /* Vehicle.swift */; };
		A4D24BF22EB9503B00FFACC2 /* Vehicle+Schema.swift in Sources */ = {isa = PBXBuildFile; fileRef = A4D24BEB2EB9503B00FFACC2 /* Vehicle+Schema.swift */; };
		A4D24BF32EB9503B00FFACC2 /* RosterEntry+Schema.swift in Sources */ = {isa = PBXBuildFile; fileRef = A4D24BE92EB9503B00FFACC2 /* RosterEntry+Schema.swift */; };
		A4D24BF42EB9503B00FFACC2 /* AmplifyModels.swift in Sources */ = {isa = PBXBuildFile; fileRef = A4D24BE72EB9503B00FFACC2 /* AmplifyModels.swift */; };
		A4D24BF52EB9503B00FFACC2 /* RosterEntry.swift in Sources */ = {isa = PBXBuildFile; fileRef = A4D24BE82EB9503B00FFACC2 /* RosterEntry.swift */; };
		A4D24BF62EB9503B00FFACC2 /* Vehicle.swift in Sources */ = {isa = PBXBuildFile; fileRef = A4D24BEA2EB9503B00FFACC2 /* Vehicle.swift */; };
		A4D24BF72EB9503B00FFACC2 /* Vehicle+Schema.swift in Sources */ = {isa = PBXBuildFile; fileRef = A4D24BEB2EB9503B00FFACC2 /* Vehicle+Schema.swift */; };
		A4D24BF82EB9503B00FFACC2 /* RosterEntry+Schema.swift in Sources */ = {isa = PBXBuildFile; fileRef = A4D24BE92EB9503B00FFACC2 /* RosterEntry+Schema.swift */; };
		A4D24BFA2EB9503B00FFACC2 /* RosterEntry.swift in Sources */ = {isa = PBXBuildFile; fileRef = A4D24BE82EB9503B00FFACC2 /* RosterEntry.swift */; };
		A4D24BFB2EB9503B00FFACC2 /* Vehicle.swift in Sources */ = {isa = PBXBuildFile; fileRef = A4D24BEA2EB9503B00FFACC2 /* Vehicle.swift */; };
		ADDDA6BD60D814F1A79A2646 /* OvertimeAuditEvent.swift in Sources */ = {isa = PBXBuildFile; fileRef = 5D32CA043D6057DC0DD5B712 /* OvertimeAuditEvent.swift */; };
		B1BA0C883DBDFD9E14A71750 /* RosterEntry+Schema.swift in Sources */ = {isa = PBXBuildFile; fileRef = 03E234B2679576D950E948BE /* RosterEntry+Schema.swift */; };
		B2B15359C8AF57240FC07F23 /* OvertimeScenario.swift in Sources */ = {isa = PBXBuildFile; fileRef = EF7BD02C12CA87D82DB71B78 /* OvertimeScenario.swift */; };
		B35B540D768022A1E4EB31A7 /* NotificationEndpoint+Schema.swift in Sources */ = {isa = PBXBuildFile; fileRef = 6F58DACF27686A0B6962A081 /* NotificationEndpoint+Schema.swift */; };
		BC24BEC44207B43FD04FB02F /* NotificationEndpoint.swift in Sources */ = {isa = PBXBuildFile; fileRef = CBDBE6E74F700943CBF168F5 /* NotificationEndpoint.swift */; };
		C622E820B497A4DA0C245476 /* OvertimePosting.swift in Sources */ = {isa = PBXBuildFile; fileRef = 4366CE535EEE0F48D2668D3E /* OvertimePosting.swift */; };
		D215F1D5D90046E87E93C702 /* RosterEntry.swift in Sources */ = {isa = PBXBuildFile; fileRef = A353FD9973C9C2BEAA5DC611 /* RosterEntry.swift */; };
		DCB89F641CC1FF0E9AA330AF /* OvertimePostingState.swift in Sources */ = {isa = PBXBuildFile; fileRef = 3F8695028738FFC69D501657 /* OvertimePostingState.swift */; };
		DF194BA4043849E0144D007E /* Vehicle+Schema.swift in Sources */ = {isa = PBXBuildFile; fileRef = 89FCE5C098AC5C959FB8C0F9 /* Vehicle+Schema.swift */; };
		E7E7FF954EA1C099364FCDD2 /* NotificationPreference.swift in Sources */ = {isa = PBXBuildFile; fileRef = 10FD3A4BBD40EEB51E86F616 /* NotificationPreference.swift */; };
		F039A1C5916CD96FE1C7A090 /* OfficerAssignment.swift in Sources */ = {isa = PBXBuildFile; fileRef = 11C88098F6B8A01B468F5934 /* OfficerAssignment.swift */; };
		F8CAA082663FE3209FF17BBE /* OvertimeInvite+Schema.swift in Sources */ = {isa = PBXBuildFile; fileRef = 9F0A63CAC1FDF263979C79C5 /* OvertimeInvite+Schema.swift */; };
/* End PBXBuildFile section */

/* Begin PBXContainerItemProxy section */
		A4AC8DE82EB7E5AD00CD5FBD /* PBXContainerItemProxy */ = {
			isa = PBXContainerItemProxy;
			containerPortal = A4AC8DD12EB7E5AB00CD5FBD /* Project object */;
			proxyType = 1;
			remoteGlobalIDString = A4AC8DD82EB7E5AB00CD5FBD;
			remoteInfo = ShiftlinkMain;
		};
		A4AC8DF22EB7E5AD00CD5FBD /* PBXContainerItemProxy */ = {
			isa = PBXContainerItemProxy;
			containerPortal = A4AC8DD12EB7E5AB00CD5FBD /* Project object */;
			proxyType = 1;
			remoteGlobalIDString = A4AC8DD82EB7E5AB00CD5FBD;
			remoteInfo = ShiftlinkMain;
		};
/* End PBXContainerItemProxy section */

/* Begin PBXFileReference section */
		03E234B2679576D950E948BE /* RosterEntry+Schema.swift */ = {isa = PBXFileReference; explicitFileType = sourcecode.swift; lastKnownFileType = sourcecode.swift; name = "RosterEntry+Schema.swift"; path = "amplify/generated/models/RosterEntry+Schema.swift"; sourceTree = "<group>"; };
		0661E363B468AC6D64F3B96D /* NotificationMessage+Schema.swift */ = {isa = PBXFileReference; explicitFileType = sourcecode.swift; lastKnownFileType = sourcecode.swift; name = "NotificationMessage+Schema.swift"; path = "amplify/generated/models/NotificationMessage+Schema.swift"; sourceTree = "<group>"; };
		0694069AFF0D4DE067F1E531 /* NotificationMessage.swift */ = {isa = PBXFileReference; explicitFileType = sourcecode.swift; lastKnownFileType = sourcecode.swift; name = NotificationMessage.swift; path = amplify/generated/models/NotificationMessage.swift; sourceTree = "<group>"; };
		0F06EC64D66E310FAB676CA9 /* NotificationSendResult+Schema.swift */ = {isa = PBXFileReference; explicitFileType = sourcecode.swift; lastKnownFileType = sourcecode.swift; name = "NotificationSendResult+Schema.swift"; path = "amplify/generated/models/NotificationSendResult+Schema.swift"; sourceTree = "<group>"; };
		10FD3A4BBD40EEB51E86F616 /* NotificationPreference.swift */ = {isa = PBXFileReference; explicitFileType = sourcecode.swift; lastKnownFileType = sourcecode.swift; name = NotificationPreference.swift; path = amplify/generated/models/NotificationPreference.swift; sourceTree = "<group>"; };
		11C88098F6B8A01B468F5934 /* OfficerAssignment.swift */ = {isa = PBXFileReference; explicitFileType = sourcecode.swift; lastKnownFileType = sourcecode.swift; name = OfficerAssignment.swift; path = amplify/generated/models/OfficerAssignment.swift; sourceTree = "<group>"; };
		1F7B7469946ECDD5756BDD4D /* OvertimePosting+Schema.swift */ = {isa = PBXFileReference; explicitFileType = sourcecode.swift; lastKnownFileType = sourcecode.swift; name = "OvertimePosting+Schema.swift"; path = "amplify/generated/models/OvertimePosting+Schema.swift"; sourceTree = "<group>"; };
		24ABD1C82552B46D0AAEB3B2 /* OvertimeSelectionPolicy.swift */ = {isa = PBXFileReference; explicitFileType = sourcecode.swift; lastKnownFileType = sourcecode.swift; name = OvertimeSelectionPolicy.swift; path = amplify/generated/models/OvertimeSelectionPolicy.swift; sourceTree = "<group>"; };
		28014DD71E7B8CE726DF33C2 /* AmplifyModels.swift */ = {isa = PBXFileReference; explicitFileType = sourcecode.swift; lastKnownFileType = sourcecode.swift; name = AmplifyModels.swift; path = amplify/generated/models/AmplifyModels.swift; sourceTree = "<group>"; };
		3F8695028738FFC69D501657 /* OvertimePostingState.swift */ = {isa = PBXFileReference; explicitFileType = sourcecode.swift; lastKnownFileType = sourcecode.swift; name = OvertimePostingState.swift; path = amplify/generated/models/OvertimePostingState.swift; sourceTree = "<group>"; };
		4366CE535EEE0F48D2668D3E /* OvertimePosting.swift */ = {isa = PBXFileReference; explicitFileType = sourcecode.swift; lastKnownFileType = sourcecode.swift; name = OvertimePosting.swift; path = amplify/generated/models/OvertimePosting.swift; sourceTree = "<group>"; };
		5D32CA043D6057DC0DD5B712 /* OvertimeAuditEvent.swift */ = {isa = PBXFileReference; explicitFileType = sourcecode.swift; lastKnownFileType = sourcecode.swift; name = OvertimeAuditEvent.swift; path = amplify/generated/models/OvertimeAuditEvent.swift; sourceTree = "<group>"; };
		678FDCCE5A25C88C91A5FE81 /* NotificationCategory.swift */ = {isa = PBXFileReference; explicitFileType = sourcecode.swift; lastKnownFileType = sourcecode.swift; name = NotificationCategory.swift; path = amplify/generated/models/NotificationCategory.swift; sourceTree = "<group>"; };
		6F58DACF27686A0B6962A081 /* NotificationEndpoint+Schema.swift */ = {isa = PBXFileReference; explicitFileType = sourcecode.swift; lastKnownFileType = sourcecode.swift; name = "NotificationEndpoint+Schema.swift"; path = "amplify/generated/models/NotificationEndpoint+Schema.swift"; sourceTree = "<group>"; };
		773D6F1EF0ACDC7ACBD19F5B /* OvertimeAuditEvent+Schema.swift */ = {isa = PBXFileReference; explicitFileType = sourcecode.swift; lastKnownFileType = sourcecode.swift; name = "OvertimeAuditEvent+Schema.swift"; path = "amplify/generated/models/OvertimeAuditEvent+Schema.swift"; sourceTree = "<group>"; };
		791FAF0547B3C881AF6FF08D /* OvertimeInvite.swift */ = {isa = PBXFileReference; explicitFileType = sourcecode.swift; lastKnownFileType = sourcecode.swift; name = OvertimeInvite.swift; path = amplify/generated/models/OvertimeInvite.swift; sourceTree = "<group>"; };
		7A989399D774355532F71811 /* CalendarEvent.swift */ = {isa = PBXFileReference; explicitFileType = sourcecode.swift; lastKnownFileType = sourcecode.swift; name = CalendarEvent.swift; path = amplify/generated/models/CalendarEvent.swift; sourceTree = "<group>"; };
		89FCE5C098AC5C959FB8C0F9 /* Vehicle+Schema.swift */ = {isa = PBXFileReference; explicitFileType = sourcecode.swift; lastKnownFileType = sourcecode.swift; name = "Vehicle+Schema.swift"; path = "amplify/generated/models/Vehicle+Schema.swift"; sourceTree = "<group>"; };
		96AD7B320251FBFAB740AC94 /* Vehicle.swift */ = {isa = PBXFileReference; explicitFileType = sourcecode.swift; lastKnownFileType = sourcecode.swift; name = Vehicle.swift; path = amplify/generated/models/Vehicle.swift; sourceTree = "<group>"; };
		9EDF4779F31D43BE4013F524 /* awsconfiguration.json */ = {isa = PBXFileReference; explicitFileType = text.json; path = awsconfiguration.json; sourceTree = "<group>"; };
		9F0A63CAC1FDF263979C79C5 /* OvertimeInvite+Schema.swift */ = {isa = PBXFileReference; explicitFileType = sourcecode.swift; lastKnownFileType = sourcecode.swift; name = "OvertimeInvite+Schema.swift"; path = "amplify/generated/models/OvertimeInvite+Schema.swift"; sourceTree = "<group>"; };
		A353FD9973C9C2BEAA5DC611 /* RosterEntry.swift */ = {isa = PBXFileReference; explicitFileType = sourcecode.swift; lastKnownFileType = sourcecode.swift; name = RosterEntry.swift; path = amplify/generated/models/RosterEntry.swift; sourceTree = "<group>"; };
		A443A9252EC6BFE8002EC376 /* DutyWire-Info.plist */ = {isa = PBXFileReference; lastKnownFileType = text.plist; path = "DutyWire-Info.plist"; sourceTree = "<group>"; };
		A48808442EBF99BC0086EADE /* amplifyconfiguration.json */ = {isa = PBXFileReference; lastKnownFileType = text.json; path = amplifyconfiguration.json; sourceTree = "<group>"; };
		A4AC8DD92EB7E5AB00CD5FBD /* DutyWire.app */ = {isa = PBXFileReference; explicitFileType = wrapper.application; includeInIndex = 0; path = DutyWire.app; sourceTree = BUILT_PRODUCTS_DIR; };
		A4AC8DE72EB7E5AD00CD5FBD /* DutyWireTests.xctest */ = {isa = PBXFileReference; explicitFileType = wrapper.cfbundle; includeInIndex = 0; path = DutyWireTests.xctest; sourceTree = BUILT_PRODUCTS_DIR; };
		A4AC8DF12EB7E5AD00CD5FBD /* DutyWireUITests.xctest */ = {isa = PBXFileReference; explicitFileType = wrapper.cfbundle; includeInIndex = 0; path = DutyWireUITests.xctest; sourceTree = BUILT_PRODUCTS_DIR; };
		A4B6B8412EB9923B00162FB3 /* ContentView.swift */ = {isa = PBXFileReference; lastKnownFileType = sourcecode.swift; path = ContentView.swift; sourceTree = "<group>"; };
		A4B6B8422EB9923B00162FB3 /* ShiftlinkMainApp.swift */ = {isa = PBXFileReference; lastKnownFileType = sourcecode.swift; path = ShiftlinkMainApp.swift; sourceTree = "<group>"; };
		A4D24BBC2EB909F200FFACC2 /* amplify_outputs.json */ = {isa = PBXFileReference; lastKnownFileType = text.json; path = amplify_outputs.json; sourceTree = "<group>"; };
		A4D24BE72EB9503B00FFACC2 /* AmplifyModels.swift */ = {isa = PBXFileReference; lastKnownFileType = sourcecode.swift; path = AmplifyModels.swift; sourceTree = "<group>"; };
		A4D24BE82EB9503B00FFACC2 /* RosterEntry.swift */ = {isa = PBXFileReference; lastKnownFileType = sourcecode.swift; path = RosterEntry.swift; sourceTree = "<group>"; };
		A4D24BE92EB9503B00FFACC2 /* RosterEntry+Schema.swift */ = {isa = PBXFileReference; lastKnownFileType = sourcecode.swift; path = "RosterEntry+Schema.swift"; sourceTree = "<group>"; };
		A4D24BEA2EB9503B00FFACC2 /* Vehicle.swift */ = {isa = PBXFileReference; lastKnownFileType = sourcecode.swift; path = Vehicle.swift; sourceTree = "<group>"; };
		A4D24BEB2EB9503B00FFACC2 /* Vehicle+Schema.swift */ = {isa = PBXFileReference; lastKnownFileType = sourcecode.swift; path = "Vehicle+Schema.swift"; sourceTree = "<group>"; };
		B826640F44F9259933B72D7B /* NotificationPreference+Schema.swift */ = {isa = PBXFileReference; explicitFileType = sourcecode.swift; lastKnownFileType = sourcecode.swift; name = "NotificationPreference+Schema.swift"; path = "amplify/generated/models/NotificationPreference+Schema.swift"; sourceTree = "<group>"; };
		CA2356A5B728AFB6BE1C83EA /* NotificationPlatform.swift */ = {isa = PBXFileReference; explicitFileType = sourcecode.swift; lastKnownFileType = sourcecode.swift; name = NotificationPlatform.swift; path = amplify/generated/models/NotificationPlatform.swift; sourceTree = "<group>"; };
		CABBCF7331B1BF40DF577A82 /* CalendarEvent+Schema.swift */ = {isa = PBXFileReference; explicitFileType = sourcecode.swift; lastKnownFileType = sourcecode.swift; name = "CalendarEvent+Schema.swift"; path = "amplify/generated/models/CalendarEvent+Schema.swift"; sourceTree = "<group>"; };
		CBDBE6E74F700943CBF168F5 /* NotificationEndpoint.swift */ = {isa = PBXFileReference; explicitFileType = sourcecode.swift; lastKnownFileType = sourcecode.swift; name = NotificationEndpoint.swift; path = amplify/generated/models/NotificationEndpoint.swift; sourceTree = "<group>"; };
		DB46A8CD8B72DCEB299BA340 /* OfficerAssignment+Schema.swift */ = {isa = PBXFileReference; explicitFileType = sourcecode.swift; lastKnownFileType = sourcecode.swift; name = "OfficerAssignment+Schema.swift"; path = "amplify/generated/models/OfficerAssignment+Schema.swift"; sourceTree = "<group>"; };
		EDAE300A9298694B8916BB9C /* NotificationSendResult.swift */ = {isa = PBXFileReference; explicitFileType = sourcecode.swift; lastKnownFileType = sourcecode.swift; name = NotificationSendResult.swift; path = amplify/generated/models/NotificationSendResult.swift; sourceTree = "<group>"; };
		EDC4D4A122A5CAE967600334 /* OvertimeInviteStatus.swift */ = {isa = PBXFileReference; explicitFileType = sourcecode.swift; lastKnownFileType = sourcecode.swift; name = OvertimeInviteStatus.swift; path = amplify/generated/models/OvertimeInviteStatus.swift; sourceTree = "<group>"; };
		EF7BD02C12CA87D82DB71B78 /* OvertimeScenario.swift */ = {isa = PBXFileReference; explicitFileType = sourcecode.swift; lastKnownFileType = sourcecode.swift; name = OvertimeScenario.swift; path = amplify/generated/models/OvertimeScenario.swift; sourceTree = "<group>"; };
/* End PBXFileReference section */

/* Begin PBXFileSystemSynchronizedRootGroup section */
		A4AC8DDB2EB7E5AB00CD5FBD /* ShiftLinkMain */ = {
			isa = PBXFileSystemSynchronizedRootGroup;
			path = ShiftLinkMain;
			sourceTree = "<group>";
		};
		A4AC8DEA2EB7E5AD00CD5FBD /* ShiftlinkMainTests */ = {
			isa = PBXFileSystemSynchronizedRootGroup;
			path = ShiftlinkMainTests;
			sourceTree = "<group>";
		};
		A4AC8DF42EB7E5AD00CD5FBD /* ShiftlinkMainUITests */ = {
			isa = PBXFileSystemSynchronizedRootGroup;
			path = ShiftlinkMainUITests;
			sourceTree = "<group>";
		};
/* End PBXFileSystemSynchronizedRootGroup section */

/* Begin PBXFrameworksBuildPhase section */
		A4AC8DD62EB7E5AB00CD5FBD /* Frameworks */ = {
			isa = PBXFrameworksBuildPhase;
			buildActionMask = 2147483647;
			files = (
				A4D24BC22EB90A5C00FFACC2 /* AWSAPIPlugin in Frameworks */,
				A4D24BCC2EB90A5C00FFACC2 /* AWSPinpointAnalyticsPlugin in Frameworks */,
				A4D24BCA2EB90A5C00FFACC2 /* AWSLocationGeoPlugin in Frameworks */,
				A4D24BC42EB90A5C00FFACC2 /* AWSCloudWatchLoggingPlugin in Frameworks */,
				A4D24BD62EB90A5C00FFACC2 /* Amplify in Frameworks */,
				A4D24BD22EB90A5C00FFACC2 /* AWSPredictionsPlugin in Frameworks */,
				A4D24BDB2EB9104A00FFACC2 /* Authenticator in Frameworks */,
				A4D24BD42EB90A5C00FFACC2 /* AWSS3StoragePlugin in Frameworks */,
				A4D24BD02EB90A5C00FFACC2 /* AWSPluginsCore in Frameworks */,
				A4D24BD82EB90A5C00FFACC2 /* CoreMLPredictionsPlugin in Frameworks */,
				A4D24BC62EB90A5C00FFACC2 /* AWSCognitoAuthPlugin in Frameworks */,
				A4D24BCE2EB90A5C00FFACC2 /* AWSPinpointPushNotificationsPlugin in Frameworks */,
				A4D24BC82EB90A5C00FFACC2 /* AWSDataStorePlugin in Frameworks */,
			);
			runOnlyForDeploymentPostprocessing = 0;
		};
		A4AC8DE42EB7E5AD00CD5FBD /* Frameworks */ = {
			isa = PBXFrameworksBuildPhase;
			buildActionMask = 2147483647;
			files = (
			);
			runOnlyForDeploymentPostprocessing = 0;
		};
		A4AC8DEE2EB7E5AD00CD5FBD /* Frameworks */ = {
			isa = PBXFrameworksBuildPhase;
			buildActionMask = 2147483647;
			files = (
			);
			runOnlyForDeploymentPostprocessing = 0;
		};
/* End PBXFrameworksBuildPhase section */

/* Begin PBXGroup section */
		152E201D1F47CF5164A6040B /* AmplifyModels */ = {
			isa = PBXGroup;
			children = (
				28014DD71E7B8CE726DF33C2 /* AmplifyModels.swift */,
				CABBCF7331B1BF40DF577A82 /* CalendarEvent+Schema.swift */,
				7A989399D774355532F71811 /* CalendarEvent.swift */,
				678FDCCE5A25C88C91A5FE81 /* NotificationCategory.swift */,
				6F58DACF27686A0B6962A081 /* NotificationEndpoint+Schema.swift */,
				CBDBE6E74F700943CBF168F5 /* NotificationEndpoint.swift */,
				0661E363B468AC6D64F3B96D /* NotificationMessage+Schema.swift */,
				0694069AFF0D4DE067F1E531 /* NotificationMessage.swift */,
				CA2356A5B728AFB6BE1C83EA /* NotificationPlatform.swift */,
				B826640F44F9259933B72D7B /* NotificationPreference+Schema.swift */,
				10FD3A4BBD40EEB51E86F616 /* NotificationPreference.swift */,
				0F06EC64D66E310FAB676CA9 /* NotificationSendResult+Schema.swift */,
				EDAE300A9298694B8916BB9C /* NotificationSendResult.swift */,
				DB46A8CD8B72DCEB299BA340 /* OfficerAssignment+Schema.swift */,
				11C88098F6B8A01B468F5934 /* OfficerAssignment.swift */,
				773D6F1EF0ACDC7ACBD19F5B /* OvertimeAuditEvent+Schema.swift */,
				5D32CA043D6057DC0DD5B712 /* OvertimeAuditEvent.swift */,
				9F0A63CAC1FDF263979C79C5 /* OvertimeInvite+Schema.swift */,
				791FAF0547B3C881AF6FF08D /* OvertimeInvite.swift */,
				EDC4D4A122A5CAE967600334 /* OvertimeInviteStatus.swift */,
				1F7B7469946ECDD5756BDD4D /* OvertimePosting+Schema.swift */,
				4366CE535EEE0F48D2668D3E /* OvertimePosting.swift */,
				3F8695028738FFC69D501657 /* OvertimePostingState.swift */,
				EF7BD02C12CA87D82DB71B78 /* OvertimeScenario.swift */,
				24ABD1C82552B46D0AAEB3B2 /* OvertimeSelectionPolicy.swift */,
				03E234B2679576D950E948BE /* RosterEntry+Schema.swift */,
				A353FD9973C9C2BEAA5DC611 /* RosterEntry.swift */,
				89FCE5C098AC5C959FB8C0F9 /* Vehicle+Schema.swift */,
				96AD7B320251FBFAB740AC94 /* Vehicle.swift */,
			);
			name = AmplifyModels;
			sourceTree = "<group>";
		};
		A4AC8DD02EB7E5AB00CD5FBD = {
			isa = PBXGroup;
			children = (
				A443A9252EC6BFE8002EC376 /* DutyWire-Info.plist */,
				A4AC8DDB2EB7E5AB00CD5FBD /* ShiftLinkMain */,
				A4AC8DEA2EB7E5AD00CD5FBD /* ShiftlinkMainTests */,
				A4AC8DF42EB7E5AD00CD5FBD /* ShiftlinkMainUITests */,
				A4AC8DDA2EB7E5AB00CD5FBD /* Products */,
				A4D24BBC2EB909F200FFACC2 /* amplify_outputs.json */,
				A4D24BEC2EB9503B00FFACC2 /* AmplifyModels */,
				A4B6B8432EB9923B00162FB3 /* ShiftlinkMain/Sources */,
				E94A8E5E8CD38D791A94BA2C /* AmplifyConfig */,
				152E201D1F47CF5164A6040B /* AmplifyModels */,
			);
			sourceTree = "<group>";
		};
		A4AC8DDA2EB7E5AB00CD5FBD /* Products */ = {
			isa = PBXGroup;
			children = (
				A4AC8DD92EB7E5AB00CD5FBD /* DutyWire.app */,
				A4AC8DE72EB7E5AD00CD5FBD /* DutyWireTests.xctest */,
				A4AC8DF12EB7E5AD00CD5FBD /* DutyWireUITests.xctest */,
			);
			name = Products;
			sourceTree = "<group>";
		};
		A4B6B8432EB9923B00162FB3 /* ShiftlinkMain/Sources */ = {
			isa = PBXGroup;
			children = (
				A4B6B8412EB9923B00162FB3 /* ContentView.swift */,
				A4B6B8422EB9923B00162FB3 /* ShiftlinkMainApp.swift */,
			);
			path = ShiftlinkMain/Sources;
			sourceTree = "<group>";
		};
		A4D24BEC2EB9503B00FFACC2 /* AmplifyModels */ = {
			isa = PBXGroup;
			children = (
				A4D24BE72EB9503B00FFACC2 /* AmplifyModels.swift */,
				A4D24BE82EB9503B00FFACC2 /* RosterEntry.swift */,
				A4D24BE92EB9503B00FFACC2 /* RosterEntry+Schema.swift */,
				A4D24BEA2EB9503B00FFACC2 /* Vehicle.swift */,
				A4D24BEB2EB9503B00FFACC2 /* Vehicle+Schema.swift */,
			);
			path = AmplifyModels;
			sourceTree = "<group>";
		};
		E94A8E5E8CD38D791A94BA2C /* AmplifyConfig */ = {
			isa = PBXGroup;
			children = (
				9EDF4779F31D43BE4013F524 /* awsconfiguration.json */,
				A48808442EBF99BC0086EADE /* amplifyconfiguration.json */,
			);
			name = AmplifyConfig;
			sourceTree = "<group>";
		};
/* End PBXGroup section */

/* Begin PBXNativeTarget section */
		A4AC8DD82EB7E5AB00CD5FBD /* DutyWire */ = {
			isa = PBXNativeTarget;
			buildConfigurationList = A4AC8DFB2EB7E5AD00CD5FBD /* Build configuration list for PBXNativeTarget "DutyWire" */;
			buildPhases = (
				A4F0D5002F01D5C2004B4E21 /* Bootstrap Amplify Config */,
				A4AC8DD52EB7E5AB00CD5FBD /* Sources */,
				A4AC8DD62EB7E5AB00CD5FBD /* Frameworks */,
				A4AC8DD72EB7E5AB00CD5FBD /* Resources */,
			);
			buildRules = (
			);
			dependencies = (
			);
			fileSystemSynchronizedGroups = (
				A4AC8DDB2EB7E5AB00CD5FBD /* ShiftLinkMain */,
			);
			name = DutyWire;
			packageProductDependencies = (
				A4D24BC12EB90A5C00FFACC2 /* AWSAPIPlugin */,
				A4D24BC32EB90A5C00FFACC2 /* AWSCloudWatchLoggingPlugin */,
				A4D24BC52EB90A5C00FFACC2 /* AWSCognitoAuthPlugin */,
				A4D24BC72EB90A5C00FFACC2 /* AWSDataStorePlugin */,
				A4D24BC92EB90A5C00FFACC2 /* AWSLocationGeoPlugin */,
				A4D24BCB2EB90A5C00FFACC2 /* AWSPinpointAnalyticsPlugin */,
				A4D24BCD2EB90A5C00FFACC2 /* AWSPinpointPushNotificationsPlugin */,
				A4D24BCF2EB90A5C00FFACC2 /* AWSPluginsCore */,
				A4D24BD12EB90A5C00FFACC2 /* AWSPredictionsPlugin */,
				A4D24BD32EB90A5C00FFACC2 /* AWSS3StoragePlugin */,
				A4D24BD52EB90A5C00FFACC2 /* Amplify */,
				A4D24BD72EB90A5C00FFACC2 /* CoreMLPredictionsPlugin */,
				A4D24BDA2EB9104A00FFACC2 /* Authenticator */,
			);
			productName = ShiftlinkMain;
			productReference = A4AC8DD92EB7E5AB00CD5FBD /* DutyWire.app */;
			productType = "com.apple.product-type.application";
		};
		A4AC8DE62EB7E5AD00CD5FBD /* DutyWireTests */ = {
			isa = PBXNativeTarget;
			buildConfigurationList = A4AC8DFE2EB7E5AD00CD5FBD /* Build configuration list for PBXNativeTarget "DutyWireTests" */;
			buildPhases = (
				A4AC8DE32EB7E5AD00CD5FBD /* Sources */,
				A4AC8DE42EB7E5AD00CD5FBD /* Frameworks */,
				A4AC8DE52EB7E5AD00CD5FBD /* Resources */,
			);
			buildRules = (
			);
			dependencies = (
				A4AC8DE92EB7E5AD00CD5FBD /* PBXTargetDependency */,
			);
			fileSystemSynchronizedGroups = (
				A4AC8DEA2EB7E5AD00CD5FBD /* ShiftlinkMainTests */,
			);
			name = DutyWireTests;
			packageProductDependencies = (
			);
			productName = ShiftlinkMainTests;
			productReference = A4AC8DE72EB7E5AD00CD5FBD /* DutyWireTests.xctest */;
			productType = "com.apple.product-type.bundle.unit-test";
		};
		A4AC8DF02EB7E5AD00CD5FBD /* DutyWireUITests */ = {
			isa = PBXNativeTarget;
			buildConfigurationList = A4AC8E012EB7E5AD00CD5FBD /* Build configuration list for PBXNativeTarget "DutyWireUITests" */;
			buildPhases = (
				A4AC8DED2EB7E5AD00CD5FBD /* Sources */,
				A4AC8DEE2EB7E5AD00CD5FBD /* Frameworks */,
				A4AC8DEF2EB7E5AD00CD5FBD /* Resources */,
			);
			buildRules = (
			);
			dependencies = (
				A4AC8DF32EB7E5AD00CD5FBD /* PBXTargetDependency */,
			);
			fileSystemSynchronizedGroups = (
				A4AC8DF42EB7E5AD00CD5FBD /* ShiftlinkMainUITests */,
			);
			name = DutyWireUITests;
			packageProductDependencies = (
			);
			productName = ShiftlinkMainUITests;
			productReference = A4AC8DF12EB7E5AD00CD5FBD /* DutyWireUITests.xctest */;
			productType = "com.apple.product-type.bundle.ui-testing";
		};
/* End PBXNativeTarget section */

/* Begin PBXProject section */
		A4AC8DD12EB7E5AB00CD5FBD /* Project object */ = {
			isa = PBXProject;
			attributes = {
				BuildIndependentTargetsInParallel = 1;
				LastSwiftUpdateCheck = 1640;
				LastUpgradeCheck = 1640;
				TargetAttributes = {
					A4AC8DD82EB7E5AB00CD5FBD = {
						CreatedOnToolsVersion = 16.4;
					};
					A4AC8DE62EB7E5AD00CD5FBD = {
						CreatedOnToolsVersion = 16.4;
						TestTargetID = A4AC8DD82EB7E5AB00CD5FBD;
					};
					A4AC8DF02EB7E5AD00CD5FBD = {
						CreatedOnToolsVersion = 16.4;
						TestTargetID = A4AC8DD82EB7E5AB00CD5FBD;
					};
				};
			};
			buildConfigurationList = A4AC8DD42EB7E5AB00CD5FBD /* Build configuration list for PBXProject "DutyWire" */;
			developmentRegion = en;
			hasScannedForEncodings = 0;
			knownRegions = (
				en,
				Base,
			);
			mainGroup = A4AC8DD02EB7E5AB00CD5FBD;
			minimizedProjectReferenceProxies = 1;
			packageReferences = (
				A4D24BC02EB90A5C00FFACC2 /* XCRemoteSwiftPackageReference "amplify-swift" */,
				A4D24BD92EB9104A00FFACC2 /* XCRemoteSwiftPackageReference "amplify-ui-swift-authenticator" */,
			);
			preferredProjectObjectVersion = 77;
			productRefGroup = A4AC8DDA2EB7E5AB00CD5FBD /* Products */;
			projectDirPath = "";
			projectRoot = "";
			targets = (
				A4AC8DD82EB7E5AB00CD5FBD /* DutyWire */,
				A4AC8DE62EB7E5AD00CD5FBD /* DutyWireTests */,
				A4AC8DF02EB7E5AD00CD5FBD /* DutyWireUITests */,
			);
		};
/* End PBXProject section */

/* Begin PBXResourcesBuildPhase section */
		A4AC8DD72EB7E5AB00CD5FBD /* Resources */ = {
			isa = PBXResourcesBuildPhase;
			buildActionMask = 2147483647;
			files = (
				A4D24BBE2EB909F200FFACC2 /* amplify_outputs.json in Resources */,
				80AD93968A5D58B34C752262 /* awsconfiguration.json in Resources */,
				A48808472EBF99BC0086EADE /* amplifyconfiguration.json in Resources */,
			);
			runOnlyForDeploymentPostprocessing = 0;
		};
		A4AC8DE52EB7E5AD00CD5FBD /* Resources */ = {
			isa = PBXResourcesBuildPhase;
			buildActionMask = 2147483647;
			files = (
				A4D24BBF2EB909F200FFACC2 /* amplify_outputs.json in Resources */,
				A48808452EBF99BC0086EADE /* amplifyconfiguration.json in Resources */,
			);
			runOnlyForDeploymentPostprocessing = 0;
		};
		A4AC8DEF2EB7E5AD00CD5FBD /* Resources */ = {
			isa = PBXResourcesBuildPhase;
			buildActionMask = 2147483647;
			files = (
				A4D24BBD2EB909F200FFACC2 /* amplify_outputs.json in Resources */,
				A48808462EBF99BC0086EADE /* amplifyconfiguration.json in Resources */,
			);
			runOnlyForDeploymentPostprocessing = 0;
		};
/* End PBXResourcesBuildPhase section */

/* Begin PBXShellScriptBuildPhase section */
		A4F0D5002F01D5C2004B4E21 /* Bootstrap Amplify Config */ = {
			isa = PBXShellScriptBuildPhase;
			buildActionMask = 2147483647;
			files = (
			);
			inputFileListPaths = (
			);
			inputPaths = (
				"$(SRCROOT)/scripts/bootstrap-amplify-config.sh",
			);
			name = "Bootstrap Amplify Config";
			outputFileListPaths = (
			);
			outputPaths = (
				"$(SRCROOT)/awsconfiguration.json",
				"$(SRCROOT)/amplify_outputs.json",
			);
			runOnlyForDeploymentPostprocessing = 0;
			shellPath = /bin/sh;
			shellScript = "\"$SRCROOT/scripts/bootstrap-amplify-config.sh\"";
		};
/* End PBXShellScriptBuildPhase section */

/* Begin PBXSourcesBuildPhase section */
		A4AC8DD52EB7E5AB00CD5FBD /* Sources */ = {
			isa = PBXSourcesBuildPhase;
			buildActionMask = 2147483647;
			files = (
				A4D24BF42EB9503B00FFACC2 /* AmplifyModels.swift in Sources */,
				A4D24BF72EB9503B00FFACC2 /* Vehicle+Schema.swift in Sources */,
				A4D24BF82EB9503B00FFACC2 /* RosterEntry+Schema.swift in Sources */,
				A4D24BFA2EB9503B00FFACC2 /* RosterEntry.swift in Sources */,
				A4D24BFB2EB9503B00FFACC2 /* Vehicle.swift in Sources */,
				459BE67F5E1B54A276F2FC02 /* AmplifyModels.swift in Sources */,
				0CE33334719FBAA2022BD4CB /* CalendarEvent+Schema.swift in Sources */,
				543B2335033A4A6958AD87B3 /* CalendarEvent.swift in Sources */,
				A3F016FF4186C8F5EE810FAC /* NotificationCategory.swift in Sources */,
				B35B540D768022A1E4EB31A7 /* NotificationEndpoint+Schema.swift in Sources */,
				BC24BEC44207B43FD04FB02F /* NotificationEndpoint.swift in Sources */,
				6AE7B6AB9A8E97ABD02D9FEA /* NotificationMessage+Schema.swift in Sources */,
				750A6F6DE8B733151125EE99 /* NotificationMessage.swift in Sources */,
				76C15500222D08D88C5CEE5D /* NotificationPlatform.swift in Sources */,
				2DCC651CF052ACD178776CCB /* NotificationPreference+Schema.swift in Sources */,
				E7E7FF954EA1C099364FCDD2 /* NotificationPreference.swift in Sources */,
				60B37DB1159AF84F01BF59D1 /* NotificationSendResult+Schema.swift in Sources */,
				9978E5D77B376AF7BADAF244 /* NotificationSendResult.swift in Sources */,
				6B4416F142B23AFB1F56EF95 /* OfficerAssignment+Schema.swift in Sources */,
				F039A1C5916CD96FE1C7A090 /* OfficerAssignment.swift in Sources */,
				651F21104D5A6640569C672E /* OvertimeAuditEvent+Schema.swift in Sources */,
				ADDDA6BD60D814F1A79A2646 /* OvertimeAuditEvent.swift in Sources */,
				F8CAA082663FE3209FF17BBE /* OvertimeInvite+Schema.swift in Sources */,
				17C1FFC8FD0E44685841B25C /* OvertimeInvite.swift in Sources */,
				743DB27179F8E40B83F2D65C /* OvertimeInviteStatus.swift in Sources */,
				473897771F4EEC7C45A1BE2D /* OvertimePosting+Schema.swift in Sources */,
				C622E820B497A4DA0C245476 /* OvertimePosting.swift in Sources */,
				DCB89F641CC1FF0E9AA330AF /* OvertimePostingState.swift in Sources */,
				B2B15359C8AF57240FC07F23 /* OvertimeScenario.swift in Sources */,
				7404CEA970190EB5B27EAB9A /* OvertimeSelectionPolicy.swift in Sources */,
				B1BA0C883DBDFD9E14A71750 /* RosterEntry+Schema.swift in Sources */,
				D215F1D5D90046E87E93C702 /* RosterEntry.swift in Sources */,
				DF194BA4043849E0144D007E /* Vehicle+Schema.swift in Sources */,
				72EC7C563BED467153BAC6FD /* Vehicle.swift in Sources */,
			);
			runOnlyForDeploymentPostprocessing = 0;
		};
		A4AC8DE32EB7E5AD00CD5FBD /* Sources */ = {
			isa = PBXSourcesBuildPhase;
			buildActionMask = 2147483647;
			files = (
				A4D24BF22EB9503B00FFACC2 /* Vehicle+Schema.swift in Sources */,
				A4D24BF32EB9503B00FFACC2 /* RosterEntry+Schema.swift in Sources */,
				A4D24BF52EB9503B00FFACC2 /* RosterEntry.swift in Sources */,
				A4D24BF62EB9503B00FFACC2 /* Vehicle.swift in Sources */,
			);
			runOnlyForDeploymentPostprocessing = 0;
		};
		A4AC8DED2EB7E5AD00CD5FBD /* Sources */ = {
			isa = PBXSourcesBuildPhase;
			buildActionMask = 2147483647;
			files = (
				A4D24BED2EB9503B00FFACC2 /* Vehicle+Schema.swift in Sources */,
				A4D24BEE2EB9503B00FFACC2 /* RosterEntry+Schema.swift in Sources */,
				A4D24BF02EB9503B00FFACC2 /* RosterEntry.swift in Sources */,
				A4D24BF12EB9503B00FFACC2 /* Vehicle.swift in Sources */,
			);
			runOnlyForDeploymentPostprocessing = 0;
		};
/* End PBXSourcesBuildPhase section */

/* Begin PBXTargetDependency section */
		A4AC8DE92EB7E5AD00CD5FBD /* PBXTargetDependency */ = {
			isa = PBXTargetDependency;
			target = A4AC8DD82EB7E5AB00CD5FBD /* DutyWire */;
			targetProxy = A4AC8DE82EB7E5AD00CD5FBD /* PBXContainerItemProxy */;
		};
		A4AC8DF32EB7E5AD00CD5FBD /* PBXTargetDependency */ = {
			isa = PBXTargetDependency;
			target = A4AC8DD82EB7E5AB00CD5FBD /* DutyWire */;
			targetProxy = A4AC8DF22EB7E5AD00CD5FBD /* PBXContainerItemProxy */;
		};
/* End PBXTargetDependency section */

/* Begin XCBuildConfiguration section */
		A4AC8DF92EB7E5AD00CD5FBD /* Debug */ = {
			isa = XCBuildConfiguration;
			buildSettings = {
				ALWAYS_SEARCH_USER_PATHS = NO;
				ASSETCATALOG_COMPILER_GENERATE_SWIFT_ASSET_SYMBOL_EXTENSIONS = YES;
				CLANG_ANALYZER_NONNULL = YES;
				CLANG_ANALYZER_NUMBER_OBJECT_CONVERSION = YES_AGGRESSIVE;
				CLANG_CXX_LANGUAGE_STANDARD = "gnu++20";
				CLANG_ENABLE_MODULES = YES;
				CLANG_ENABLE_OBJC_ARC = YES;
				CLANG_ENABLE_OBJC_WEAK = YES;
				CLANG_WARN_BLOCK_CAPTURE_AUTORELEASING = YES;
				CLANG_WARN_BOOL_CONVERSION = YES;
				CLANG_WARN_COMMA = YES;
				CLANG_WARN_CONSTANT_CONVERSION = YES;
				CLANG_WARN_DEPRECATED_OBJC_IMPLEMENTATIONS = YES;
				CLANG_WARN_DIRECT_OBJC_ISA_USAGE = YES_ERROR;
				CLANG_WARN_DOCUMENTATION_COMMENTS = YES;
				CLANG_WARN_EMPTY_BODY = YES;
				CLANG_WARN_ENUM_CONVERSION = YES;
				CLANG_WARN_INFINITE_RECURSION = YES;
				CLANG_WARN_INT_CONVERSION = YES;
				CLANG_WARN_NON_LITERAL_NULL_CONVERSION = YES;
				CLANG_WARN_OBJC_IMPLICIT_RETAIN_SELF = YES;
				CLANG_WARN_OBJC_LITERAL_CONVERSION = YES;
				CLANG_WARN_OBJC_ROOT_CLASS = YES_ERROR;
				CLANG_WARN_QUOTED_INCLUDE_IN_FRAMEWORK_HEADER = YES;
				CLANG_WARN_RANGE_LOOP_ANALYSIS = YES;
				CLANG_WARN_STRICT_PROTOTYPES = YES;
				CLANG_WARN_SUSPICIOUS_MOVE = YES;
				CLANG_WARN_UNGUARDED_AVAILABILITY = YES_AGGRESSIVE;
				CLANG_WARN_UNREACHABLE_CODE = YES;
				CLANG_WARN__DUPLICATE_METHOD_MATCH = YES;
				COPY_PHASE_STRIP = NO;
				DEAD_CODE_STRIPPING = YES;
				DEBUG_INFORMATION_FORMAT = dwarf;
				DEVELOPMENT_TEAM = K8Z2495KSX;
				ENABLE_STRICT_OBJC_MSGSEND = YES;
				ENABLE_TESTABILITY = YES;
				ENABLE_USER_SCRIPT_SANDBOXING = YES;
				GCC_C_LANGUAGE_STANDARD = gnu17;
				GCC_DYNAMIC_NO_PIC = NO;
				GCC_NO_COMMON_BLOCKS = YES;
				GCC_OPTIMIZATION_LEVEL = 0;
				GCC_PREPROCESSOR_DEFINITIONS = (
					"DEBUG=1",
					"$(inherited)",
				);
				GCC_WARN_64_TO_32_BIT_CONVERSION = YES;
				GCC_WARN_ABOUT_RETURN_TYPE = YES_ERROR;
				GCC_WARN_UNDECLARED_SELECTOR = YES;
				GCC_WARN_UNINITIALIZED_AUTOS = YES_AGGRESSIVE;
				GCC_WARN_UNUSED_FUNCTION = YES;
				GCC_WARN_UNUSED_VARIABLE = YES;
				LOCALIZATION_PREFERS_STRING_CATALOGS = YES;
				MTL_ENABLE_DEBUG_INFO = INCLUDE_SOURCE;
				MTL_FAST_MATH = YES;
				ONLY_ACTIVE_ARCH = YES;
				SWIFT_ACTIVE_COMPILATION_CONDITIONS = "DEBUG $(inherited)";
				SWIFT_OPTIMIZATION_LEVEL = "-Onone";
			};
			name = Debug;
		};
		A4AC8DFA2EB7E5AD00CD5FBD /* Release */ = {
			isa = XCBuildConfiguration;
			buildSettings = {
				ALWAYS_SEARCH_USER_PATHS = NO;
				ASSETCATALOG_COMPILER_GENERATE_SWIFT_ASSET_SYMBOL_EXTENSIONS = YES;
				CLANG_ANALYZER_NONNULL = YES;
				CLANG_ANALYZER_NUMBER_OBJECT_CONVERSION = YES_AGGRESSIVE;
				CLANG_CXX_LANGUAGE_STANDARD = "gnu++20";
				CLANG_ENABLE_MODULES = YES;
				CLANG_ENABLE_OBJC_ARC = YES;
				CLANG_ENABLE_OBJC_WEAK = YES;
				CLANG_WARN_BLOCK_CAPTURE_AUTORELEASING = YES;
				CLANG_WARN_BOOL_CONVERSION = YES;
				CLANG_WARN_COMMA = YES;
				CLANG_WARN_CONSTANT_CONVERSION = YES;
				CLANG_WARN_DEPRECATED_OBJC_IMPLEMENTATIONS = YES;
				CLANG_WARN_DIRECT_OBJC_ISA_USAGE = YES_ERROR;
				CLANG_WARN_DOCUMENTATION_COMMENTS = YES;
				CLANG_WARN_EMPTY_BODY = YES;
				CLANG_WARN_ENUM_CONVERSION = YES;
				CLANG_WARN_INFINITE_RECURSION = YES;
				CLANG_WARN_INT_CONVERSION = YES;
				CLANG_WARN_NON_LITERAL_NULL_CONVERSION = YES;
				CLANG_WARN_OBJC_IMPLICIT_RETAIN_SELF = YES;
				CLANG_WARN_OBJC_LITERAL_CONVERSION = YES;
				CLANG_WARN_OBJC_ROOT_CLASS = YES_ERROR;
				CLANG_WARN_QUOTED_INCLUDE_IN_FRAMEWORK_HEADER = YES;
				CLANG_WARN_RANGE_LOOP_ANALYSIS = YES;
				CLANG_WARN_STRICT_PROTOTYPES = YES;
				CLANG_WARN_SUSPICIOUS_MOVE = YES;
				CLANG_WARN_UNGUARDED_AVAILABILITY = YES_AGGRESSIVE;
				CLANG_WARN_UNREACHABLE_CODE = YES;
				CLANG_WARN__DUPLICATE_METHOD_MATCH = YES;
				COPY_PHASE_STRIP = NO;
				DEAD_CODE_STRIPPING = YES;
				DEBUG_INFORMATION_FORMAT = "dwarf-with-dsym";
				DEVELOPMENT_TEAM = K8Z2495KSX;
				ENABLE_NS_ASSERTIONS = NO;
				ENABLE_STRICT_OBJC_MSGSEND = YES;
				ENABLE_USER_SCRIPT_SANDBOXING = YES;
				GCC_C_LANGUAGE_STANDARD = gnu17;
				GCC_NO_COMMON_BLOCKS = YES;
				GCC_WARN_64_TO_32_BIT_CONVERSION = YES;
				GCC_WARN_ABOUT_RETURN_TYPE = YES_ERROR;
				GCC_WARN_UNDECLARED_SELECTOR = YES;
				GCC_WARN_UNINITIALIZED_AUTOS = YES_AGGRESSIVE;
				GCC_WARN_UNUSED_FUNCTION = YES;
				GCC_WARN_UNUSED_VARIABLE = YES;
				LOCALIZATION_PREFERS_STRING_CATALOGS = YES;
				MTL_ENABLE_DEBUG_INFO = NO;
				MTL_FAST_MATH = YES;
				SWIFT_COMPILATION_MODE = wholemodule;
			};
			name = Release;
		};
		A4AC8DFC2EB7E5AD00CD5FBD /* Debug */ = {
			isa = XCBuildConfiguration;
			buildSettings = {
				ASSETCATALOG_COMPILER_APPICON_NAME = AppIcon;
				ASSETCATALOG_COMPILER_GLOBAL_ACCENT_COLOR_NAME = AccentColor;
				CODE_SIGN_ENTITLEMENTS = ShiftlinkMain/ShiftlinkMain.entitlements;
				CODE_SIGN_STYLE = Automatic;
				CURRENT_PROJECT_VERSION = 1;
				DEAD_CODE_STRIPPING = YES;
				DEVELOPMENT_TEAM = K8Z2495KSX;
				ENABLE_HARDENED_RUNTIME = YES;
				ENABLE_PREVIEWS = YES;
				GENERATE_INFOPLIST_FILE = YES;
				INFOPLIST_FILE = "DutyWire-Info.plist";
				INFOPLIST_KEY_CFBundleDisplayName = DutyWire;
				"INFOPLIST_KEY_UIApplicationSceneManifest_Generation[sdk=iphoneos*]" = YES;
				"INFOPLIST_KEY_UIApplicationSceneManifest_Generation[sdk=iphonesimulator*]" = YES;
				"INFOPLIST_KEY_UIApplicationSupportsIndirectInputEvents[sdk=iphoneos*]" = YES;
				"INFOPLIST_KEY_UIApplicationSupportsIndirectInputEvents[sdk=iphonesimulator*]" = YES;
				"INFOPLIST_KEY_UILaunchScreen_Generation[sdk=iphoneos*]" = YES;
				"INFOPLIST_KEY_UILaunchScreen_Generation[sdk=iphonesimulator*]" = YES;
				"INFOPLIST_KEY_UIStatusBarStyle[sdk=iphoneos*]" = UIStatusBarStyleDefault;
				"INFOPLIST_KEY_UIStatusBarStyle[sdk=iphonesimulator*]" = UIStatusBarStyleDefault;
				INFOPLIST_KEY_UISupportedInterfaceOrientations_iPad = "UIInterfaceOrientationPortrait UIInterfaceOrientationPortraitUpsideDown UIInterfaceOrientationLandscapeLeft UIInterfaceOrientationLandscapeRight";
				INFOPLIST_KEY_UISupportedInterfaceOrientations_iPhone = "UIInterfaceOrientationPortrait UIInterfaceOrientationLandscapeLeft UIInterfaceOrientationLandscapeRight";
				IPHONEOS_DEPLOYMENT_TARGET = 18.5;
				LD_RUNPATH_SEARCH_PATHS = "@executable_path/Frameworks";
				"LD_RUNPATH_SEARCH_PATHS[sdk=macosx*]" = "@executable_path/../Frameworks";
				MACOSX_DEPLOYMENT_TARGET = 15.3;
				MARKETING_VERSION = 1.0;
				PRODUCT_BUNDLE_IDENTIFIER = "Gerald-Sarno.DutyWire";
				PRODUCT_NAME = "$(TARGET_NAME)";
				REGISTER_APP_GROUPS = YES;
				SDKROOT = auto;
				SUPPORTED_PLATFORMS = "iphoneos iphonesimulator macosx xros xrsimulator";
				SWIFT_EMIT_LOC_STRINGS = YES;
				SWIFT_VERSION = 5.0;
				TARGETED_DEVICE_FAMILY = "1,2,7";
				XROS_DEPLOYMENT_TARGET = 2.5;
			};
			name = Debug;
		};
		A4AC8DFD2EB7E5AD00CD5FBD /* Release */ = {
			isa = XCBuildConfiguration;
			buildSettings = {
				ASSETCATALOG_COMPILER_APPICON_NAME = AppIcon;
				ASSETCATALOG_COMPILER_GLOBAL_ACCENT_COLOR_NAME = AccentColor;
				CODE_SIGN_ENTITLEMENTS = ShiftlinkMain/ShiftlinkMain.entitlements;
				CODE_SIGN_STYLE = Automatic;
				CURRENT_PROJECT_VERSION = 1;
				DEAD_CODE_STRIPPING = YES;
				DEVELOPMENT_TEAM = K8Z2495KSX;
				ENABLE_HARDENED_RUNTIME = YES;
				ENABLE_PREVIEWS = YES;
				GENERATE_INFOPLIST_FILE = YES;
				INFOPLIST_FILE = "DutyWire-Info.plist";
				INFOPLIST_KEY_CFBundleDisplayName = DutyWire;
				"INFOPLIST_KEY_UIApplicationSceneManifest_Generation[sdk=iphoneos*]" = YES;
				"INFOPLIST_KEY_UIApplicationSceneManifest_Generation[sdk=iphonesimulator*]" = YES;
				"INFOPLIST_KEY_UIApplicationSupportsIndirectInputEvents[sdk=iphoneos*]" = YES;
				"INFOPLIST_KEY_UIApplicationSupportsIndirectInputEvents[sdk=iphonesimulator*]" = YES;
				"INFOPLIST_KEY_UILaunchScreen_Generation[sdk=iphoneos*]" = YES;
				"INFOPLIST_KEY_UILaunchScreen_Generation[sdk=iphonesimulator*]" = YES;
				"INFOPLIST_KEY_UIStatusBarStyle[sdk=iphoneos*]" = UIStatusBarStyleDefault;
				"INFOPLIST_KEY_UIStatusBarStyle[sdk=iphonesimulator*]" = UIStatusBarStyleDefault;
				INFOPLIST_KEY_UISupportedInterfaceOrientations_iPad = "UIInterfaceOrientationPortrait UIInterfaceOrientationPortraitUpsideDown UIInterfaceOrientationLandscapeLeft UIInterfaceOrientationLandscapeRight";
				INFOPLIST_KEY_UISupportedInterfaceOrientations_iPhone = "UIInterfaceOrientationPortrait UIInterfaceOrientationLandscapeLeft UIInterfaceOrientationLandscapeRight";
				IPHONEOS_DEPLOYMENT_TARGET = 18.5;
				LD_RUNPATH_SEARCH_PATHS = "@executable_path/Frameworks";
				"LD_RUNPATH_SEARCH_PATHS[sdk=macosx*]" = "@executable_path/../Frameworks";
				MACOSX_DEPLOYMENT_TARGET = 15.3;
				MARKETING_VERSION = 1.0;
				PRODUCT_BUNDLE_IDENTIFIER = "Gerald-Sarno.DutyWire";
				PRODUCT_NAME = "$(TARGET_NAME)";
				REGISTER_APP_GROUPS = YES;
				SDKROOT = auto;
				SUPPORTED_PLATFORMS = "iphoneos iphonesimulator macosx xros xrsimulator";
				SWIFT_EMIT_LOC_STRINGS = YES;
				SWIFT_VERSION = 5.0;
				TARGETED_DEVICE_FAMILY = "1,2,7";
				XROS_DEPLOYMENT_TARGET = 2.5;
			};
			name = Release;
		};
		A4AC8DFF2EB7E5AD00CD5FBD /* Debug */ = {
			isa = XCBuildConfiguration;
			buildSettings = {
				BUNDLE_LOADER = "$(TEST_HOST)";
				CODE_SIGN_STYLE = Automatic;
				CURRENT_PROJECT_VERSION = 1;
				DEAD_CODE_STRIPPING = YES;
				DEVELOPMENT_TEAM = K8Z2495KSX;
				GENERATE_INFOPLIST_FILE = YES;
				IPHONEOS_DEPLOYMENT_TARGET = 18.5;
				MACOSX_DEPLOYMENT_TARGET = 15.3;
				MARKETING_VERSION = 1.0;
				PRODUCT_BUNDLE_IDENTIFIER = "Gerald-Sarno.DutyWire";
				PRODUCT_NAME = "$(TARGET_NAME)";
				SDKROOT = auto;
				SUPPORTED_PLATFORMS = "iphoneos iphonesimulator macosx xros xrsimulator";
				SWIFT_EMIT_LOC_STRINGS = NO;
				SWIFT_VERSION = 5.0;
				TARGETED_DEVICE_FAMILY = "1,2,7";
				TEST_HOST = "$(BUILT_PRODUCTS_DIR)/DutyWire.app/$(BUNDLE_EXECUTABLE_FOLDER_PATH)/DutyWire";
				XROS_DEPLOYMENT_TARGET = 2.5;
			};
			name = Debug;
		};
		A4AC8E002EB7E5AD00CD5FBD /* Release */ = {
			isa = XCBuildConfiguration;
			buildSettings = {
				BUNDLE_LOADER = "$(TEST_HOST)";
				CODE_SIGN_STYLE = Automatic;
				CURRENT_PROJECT_VERSION = 1;
				DEAD_CODE_STRIPPING = YES;
				DEVELOPMENT_TEAM = K8Z2495KSX;
				GENERATE_INFOPLIST_FILE = YES;
				IPHONEOS_DEPLOYMENT_TARGET = 18.5;
				MACOSX_DEPLOYMENT_TARGET = 15.3;
				MARKETING_VERSION = 1.0;
				PRODUCT_BUNDLE_IDENTIFIER = "Gerald-Sarno.DutyWire";
				PRODUCT_NAME = "$(TARGET_NAME)";
				SDKROOT = auto;
				SUPPORTED_PLATFORMS = "iphoneos iphonesimulator macosx xros xrsimulator";
				SWIFT_EMIT_LOC_STRINGS = NO;
				SWIFT_VERSION = 5.0;
				TARGETED_DEVICE_FAMILY = "1,2,7";
				TEST_HOST = "$(BUILT_PRODUCTS_DIR)/DutyWire.app/$(BUNDLE_EXECUTABLE_FOLDER_PATH)/DutyWire";
				XROS_DEPLOYMENT_TARGET = 2.5;
			};
			name = Release;
		};
		A4AC8E022EB7E5AD00CD5FBD /* Debug */ = {
			isa = XCBuildConfiguration;
			buildSettings = {
				CODE_SIGN_STYLE = Automatic;
				CURRENT_PROJECT_VERSION = 1;
				DEAD_CODE_STRIPPING = YES;
				DEVELOPMENT_TEAM = K8Z2495KSX;
				GENERATE_INFOPLIST_FILE = YES;
				IPHONEOS_DEPLOYMENT_TARGET = 18.5;
				MACOSX_DEPLOYMENT_TARGET = 15.3;
				MARKETING_VERSION = 1.0;
				PRODUCT_BUNDLE_IDENTIFIER = "Gerald-Sarno.DutyWire";
				PRODUCT_NAME = "$(TARGET_NAME)";
				SDKROOT = auto;
				SUPPORTED_PLATFORMS = "iphoneos iphonesimulator macosx xros xrsimulator";
				SWIFT_EMIT_LOC_STRINGS = NO;
				SWIFT_VERSION = 5.0;
				TARGETED_DEVICE_FAMILY = "1,2,7";
				TEST_TARGET_NAME = ShiftlinkMain;
				XROS_DEPLOYMENT_TARGET = 2.5;
			};
			name = Debug;
		};
		A4AC8E032EB7E5AD00CD5FBD /* Release */ = {
			isa = XCBuildConfiguration;
			buildSettings = {
				CODE_SIGN_STYLE = Automatic;
				CURRENT_PROJECT_VERSION = 1;
				DEAD_CODE_STRIPPING = YES;
				DEVELOPMENT_TEAM = K8Z2495KSX;
				GENERATE_INFOPLIST_FILE = YES;
				IPHONEOS_DEPLOYMENT_TARGET = 18.5;
				MACOSX_DEPLOYMENT_TARGET = 15.3;
				MARKETING_VERSION = 1.0;
				PRODUCT_BUNDLE_IDENTIFIER = "Gerald-Sarno.DutyWire";
				PRODUCT_NAME = "$(TARGET_NAME)";
				SDKROOT = auto;
				SUPPORTED_PLATFORMS = "iphoneos iphonesimulator macosx xros xrsimulator";
				SWIFT_EMIT_LOC_STRINGS = NO;
				SWIFT_VERSION = 5.0;
				TARGETED_DEVICE_FAMILY = "1,2,7";
				TEST_TARGET_NAME = ShiftlinkMain;
				XROS_DEPLOYMENT_TARGET = 2.5;
			};
			name = Release;
		};
/* End XCBuildConfiguration section */

/* Begin XCConfigurationList section */
		A4AC8DD42EB7E5AB00CD5FBD /* Build configuration list for PBXProject "DutyWire" */ = {
			isa = XCConfigurationList;
			buildConfigurations = (
				A4AC8DF92EB7E5AD00CD5FBD /* Debug */,
				A4AC8DFA2EB7E5AD00CD5FBD /* Release */,
			);
			defaultConfigurationIsVisible = 0;
			defaultConfigurationName = Release;
		};
		A4AC8DFB2EB7E5AD00CD5FBD /* Build configuration list for PBXNativeTarget "DutyWire" */ = {
			isa = XCConfigurationList;
			buildConfigurations = (
				A4AC8DFC2EB7E5AD00CD5FBD /* Debug */,
				A4AC8DFD2EB7E5AD00CD5FBD /* Release */,
			);
			defaultConfigurationIsVisible = 0;
			defaultConfigurationName = Release;
		};
		A4AC8DFE2EB7E5AD00CD5FBD /* Build configuration list for PBXNativeTarget "DutyWireTests" */ = {
			isa = XCConfigurationList;
			buildConfigurations = (
				A4AC8DFF2EB7E5AD00CD5FBD /* Debug */,
				A4AC8E002EB7E5AD00CD5FBD /* Release */,
			);
			defaultConfigurationIsVisible = 0;
			defaultConfigurationName = Release;
		};
		A4AC8E012EB7E5AD00CD5FBD /* Build configuration list for PBXNativeTarget "DutyWireUITests" */ = {
			isa = XCConfigurationList;
			buildConfigurations = (
				A4AC8E022EB7E5AD00CD5FBD /* Debug */,
				A4AC8E032EB7E5AD00CD5FBD /* Release */,
			);
			defaultConfigurationIsVisible = 0;
			defaultConfigurationName = Release;
		};
/* End XCConfigurationList section */

/* Begin XCRemoteSwiftPackageReference section */
		A4D24BC02EB90A5C00FFACC2 /* XCRemoteSwiftPackageReference "amplify-swift" */ = {
			isa = XCRemoteSwiftPackageReference;
			repositoryURL = "https://github.com/aws-amplify/amplify-swift";
			requirement = {
				kind = upToNextMajorVersion;
				minimumVersion = 2.51.4;
			};
		};
		A4D24BD92EB9104A00FFACC2 /* XCRemoteSwiftPackageReference "amplify-ui-swift-authenticator" */ = {
			isa = XCRemoteSwiftPackageReference;
			repositoryURL = "https://github.com/aws-amplify/amplify-ui-swift-authenticator";
			requirement = {
				kind = upToNextMajorVersion;
				minimumVersion = 1.2.3;
			};
		};
/* End XCRemoteSwiftPackageReference section */

/* Begin XCSwiftPackageProductDependency section */
		A4D24BC12EB90A5C00FFACC2 /* AWSAPIPlugin */ = {
			isa = XCSwiftPackageProductDependency;
			package = A4D24BC02EB90A5C00FFACC2 /* XCRemoteSwiftPackageReference "amplify-swift" */;
			productName = AWSAPIPlugin;
		};
		A4D24BC32EB90A5C00FFACC2 /* AWSCloudWatchLoggingPlugin */ = {
			isa = XCSwiftPackageProductDependency;
			package = A4D24BC02EB90A5C00FFACC2 /* XCRemoteSwiftPackageReference "amplify-swift" */;
			productName = AWSCloudWatchLoggingPlugin;
		};
		A4D24BC52EB90A5C00FFACC2 /* AWSCognitoAuthPlugin */ = {
			isa = XCSwiftPackageProductDependency;
			package = A4D24BC02EB90A5C00FFACC2 /* XCRemoteSwiftPackageReference "amplify-swift" */;
			productName = AWSCognitoAuthPlugin;
		};
		A4D24BC72EB90A5C00FFACC2 /* AWSDataStorePlugin */ = {
			isa = XCSwiftPackageProductDependency;
			package = A4D24BC02EB90A5C00FFACC2 /* XCRemoteSwiftPackageReference "amplify-swift" */;
			productName = AWSDataStorePlugin;
		};
		A4D24BC92EB90A5C00FFACC2 /* AWSLocationGeoPlugin */ = {
			isa = XCSwiftPackageProductDependency;
			package = A4D24BC02EB90A5C00FFACC2 /* XCRemoteSwiftPackageReference "amplify-swift" */;
			productName = AWSLocationGeoPlugin;
		};
		A4D24BCB2EB90A5C00FFACC2 /* AWSPinpointAnalyticsPlugin */ = {
			isa = XCSwiftPackageProductDependency;
			package = A4D24BC02EB90A5C00FFACC2 /* XCRemoteSwiftPackageReference "amplify-swift" */;
			productName = AWSPinpointAnalyticsPlugin;
		};
		A4D24BCD2EB90A5C00FFACC2 /* AWSPinpointPushNotificationsPlugin */ = {
			isa = XCSwiftPackageProductDependency;
			package = A4D24BC02EB90A5C00FFACC2 /* XCRemoteSwiftPackageReference "amplify-swift" */;
			productName = AWSPinpointPushNotificationsPlugin;
		};
		A4D24BCF2EB90A5C00FFACC2 /* AWSPluginsCore */ = {
			isa = XCSwiftPackageProductDependency;
			package = A4D24BC02EB90A5C00FFACC2 /* XCRemoteSwiftPackageReference "amplify-swift" */;
			productName = AWSPluginsCore;
		};
		A4D24BD12EB90A5C00FFACC2 /* AWSPredictionsPlugin */ = {
			isa = XCSwiftPackageProductDependency;
			package = A4D24BC02EB90A5C00FFACC2 /* XCRemoteSwiftPackageReference "amplify-swift" */;
			productName = AWSPredictionsPlugin;
		};
		A4D24BD32EB90A5C00FFACC2 /* AWSS3StoragePlugin */ = {
			isa = XCSwiftPackageProductDependency;
			package = A4D24BC02EB90A5C00FFACC2 /* XCRemoteSwiftPackageReference "amplify-swift" */;
			productName = AWSS3StoragePlugin;
		};
		A4D24BD52EB90A5C00FFACC2 /* Amplify */ = {
			isa = XCSwiftPackageProductDependency;
			package = A4D24BC02EB90A5C00FFACC2 /* XCRemoteSwiftPackageReference "amplify-swift" */;
			productName = Amplify;
		};
		A4D24BD72EB90A5C00FFACC2 /* CoreMLPredictionsPlugin */ = {
			isa = XCSwiftPackageProductDependency;
			package = A4D24BC02EB90A5C00FFACC2 /* XCRemoteSwiftPackageReference "amplify-swift" */;
			productName = CoreMLPredictionsPlugin;
		};
		A4D24BDA2EB9104A00FFACC2 /* Authenticator */ = {
			isa = XCSwiftPackageProductDependency;
			package = A4D24BD92EB9104A00FFACC2 /* XCRemoteSwiftPackageReference "amplify-ui-swift-authenticator" */;
			productName = Authenticator;
		};
/* End XCSwiftPackageProductDependency section */
	};
	rootObject = A4AC8DD12EB7E5AB00CD5FBD /* Project object */;
}
