// !$*UTF8*$!
{
	archiveVersion = 1;
	classes = {
	};
	objectVersion = 77;
	objects = {

/* Begin PBXContainerItemProxy section */
		A4AC8DE82EB7E5AD00CD5FBD /* PBXContainerItemProxy */ = {
			isa = PBXContainerItemProxy;
			containerPortal = A4AC8DD12EB7E5AB00CD5FBD /* Project object */;
			proxyType = 1;
			remoteGlobalIDString = A4AC8DD82EB7E5AB00CD5FBD;
			remoteInfo = ShiftlinkMain;
		};
		A4AC8DF22EB7E5AD00CD5FBD /* PBXContainerItemProxy */ = {
			isa = PBXContainerItemProxy;
			containerPortal = A4AC8DD12EB7E5AB00CD5FBD /* Project object */;
			proxyType = 1;
			remoteGlobalIDString = A4AC8DD82EB7E5AB00CD5FBD;
			remoteInfo = ShiftlinkMain;
		};
/* End PBXContainerItemProxy section */

/* Begin PBXFileReference section */
		A4AC8DD92EB7E5AB00CD5FBD /* ShiftlinkMain.app */ = {isa = PBXFileReference; explicitFileType = wrapper.application; includeInIndex = 0; path = ShiftlinkMain.app; sourceTree = BUILT_PRODUCTS_DIR; };
		A4AC8DE72EB7E5AD00CD5FBD /* ShiftlinkMainTests.xctest */ = {isa = PBXFileReference; explicitFileType = wrapper.cfbundle; includeInIndex = 0; path = ShiftlinkMainTests.xctest; sourceTree = BUILT_PRODUCTS_DIR; };
		A4AC8DF12EB7E5AD00CD5FBD /* ShiftlinkMainUITests.xctest */ = {isa = PBXFileReference; explicitFileType = wrapper.cfbundle; includeInIndex = 0; path = ShiftlinkMainUITests.xctest; sourceTree = BUILT_PRODUCTS_DIR; };
/* End PBXFileReference section */

/* Begin PBXFileSystemSynchronizedRootGroup section */
		A4AC8DDB2EB7E5AB00CD5FBD /* ShiftlinkMain */ = {
			isa = PBXFileSystemSynchronizedRootGroup;
			path = ShiftlinkMain;
			sourceTree = "<group>";
		};
		A4AC8DEA2EB7E5AD00CD5FBD /* ShiftlinkMainTests */ = {
			isa = PBXFileSystemSynchronizedRootGroup;
			path = ShiftlinkMainTests;
			sourceTree = "<group>";
		};
		A4AC8DF42EB7E5AD00CD5FBD /* ShiftlinkMainUITests */ = {
			isa = PBXFileSystemSynchronizedRootGroup;
			path = ShiftlinkMainUITests;
			sourceTree = "<group>";
		};
/* End PBXFileSystemSynchronizedRootGroup section */

/* Begin PBXFrameworksBuildPhase section */
		A4AC8DD62EB7E5AB00CD5FBD /* Frameworks */ = {
			isa = PBXFrameworksBuildPhase;
			buildActionMask = 2147483647;
			files = (
			);
			runOnlyForDeploymentPostprocessing = 0;
		};
		A4AC8DE42EB7E5AD00CD5FBD /* Frameworks */ = {
			isa = PBXFrameworksBuildPhase;
			buildActionMask = 2147483647;
			files = (
			);
			runOnlyForDeploymentPostprocessing = 0;
		};
		A4AC8DEE2EB7E5AD00CD5FBD /* Frameworks */ = {
			isa = PBXFrameworksBuildPhase;
			buildActionMask = 2147483647;
			files = (
			);
			runOnlyForDeploymentPostprocessing = 0;
		};
/* End PBXFrameworksBuildPhase section */

/* Begin PBXGroup section */
		A4AC8DD02EB7E5AB00CD5FBD = {
			isa = PBXGroup;
			children = (
				A4AC8DDB2EB7E5AB00CD5FBD /* ShiftlinkMain */,
				A4AC8DEA2EB7E5AD00CD5FBD /* ShiftlinkMainTests */,
				A4AC8DF42EB7E5AD00CD5FBD /* ShiftlinkMainUITests */,
				A4AC8DDA2EB7E5AB00CD5FBD /* Products */,
			);
			sourceTree = "<group>";
		};
		A4AC8DDA2EB7E5AB00CD5FBD /* Products */ = {
			isa = PBXGroup;
			children = (
				A4AC8DD92EB7E5AB00CD5FBD /* ShiftlinkMain.app */,
				A4AC8DE72EB7E5AD00CD5FBD /* ShiftlinkMainTests.xctest */,
				A4AC8DF12EB7E5AD00CD5FBD /* ShiftlinkMainUITests.xctest */,
			);
			name = Products;
			sourceTree = "<group>";
		};
/* End PBXGroup section */

/* Begin PBXNativeTarget section */
		A4AC8DD82EB7E5AB00CD5FBD /* ShiftlinkMain */ = {
			isa = PBXNativeTarget;
			buildConfigurationList = A4AC8DFB2EB7E5AD00CD5FBD /* Build configuration list for PBXNativeTarget "ShiftlinkMain" */;
			buildPhases = (
				A4AC8DD52EB7E5AB00CD5FBD /* Sources */,
				A4AC8DD62EB7E5AB00CD5FBD /* Frameworks */,
				A4AC8DD72EB7E5AB00CD5FBD /* Resources */,
			);
			buildRules = (
			);
			dependencies = (
			);
			fileSystemSynchronizedGroups = (
				A4AC8DDB2EB7E5AB00CD5FBD /* ShiftlinkMain */,
			);
			name = ShiftlinkMain;
			packageProductDependencies = (
			);
			productName = ShiftlinkMain;
			productReference = A4AC8DD92EB7E5AB00CD5FBD /* ShiftlinkMain.app */;
			productType = "com.apple.product-type.application";
		};
		A4AC8DE62EB7E5AD00CD5FBD /* ShiftlinkMainTests */ = {
			isa = PBXNativeTarget;
			buildConfigurationList = A4AC8DFE2EB7E5AD00CD5FBD /* Build configuration list for PBXNativeTarget "ShiftlinkMainTests" */;
			buildPhases = (
				A4AC8DE32EB7E5AD00CD5FBD /* Sources */,
				A4AC8DE42EB7E5AD00CD5FBD /* Frameworks */,
				A4AC8DE52EB7E5AD00CD5FBD /* Resources */,
			);
			buildRules = (
			);
			dependencies = (
				A4AC8DE92EB7E5AD00CD5FBD /* PBXTargetDependency */,
			);
			fileSystemSynchronizedGroups = (
				A4AC8DEA2EB7E5AD00CD5FBD /* ShiftlinkMainTests */,
			);
			name = ShiftlinkMainTests;
			packageProductDependencies = (
			);
			productName = ShiftlinkMainTests;
			productReference = A4AC8DE72EB7E5AD00CD5FBD /* ShiftlinkMainTests.xctest */;
			productType = "com.apple.product-type.bundle.unit-test";
		};
		A4AC8DF02EB7E5AD00CD5FBD /* ShiftlinkMainUITests */ = {
			isa = PBXNativeTarget;
			buildConfigurationList = A4AC8E012EB7E5AD00CD5FBD /* Build configuration list for PBXNativeTarget "ShiftlinkMainUITests" */;
			buildPhases = (
				A4AC8DED2EB7E5AD00CD5FBD /* Sources */,
				A4AC8DEE2EB7E5AD00CD5FBD /* Frameworks */,
				A4AC8DEF2EB7E5AD00CD5FBD /* Resources */,
			);
			buildRules = (
			);
			dependencies = (
				A4AC8DF32EB7E5AD00CD5FBD /* PBXTargetDependency */,
			);
			fileSystemSynchronizedGroups = (
				A4AC8DF42EB7E5AD00CD5FBD /* ShiftlinkMainUITests */,
			);
			name = ShiftlinkMainUITests;
			packageProductDependencies = (
			);
			productName = ShiftlinkMainUITests;
			productReference = A4AC8DF12EB7E5AD00CD5FBD /* ShiftlinkMainUITests.xctest */;
			productType = "com.apple.product-type.bundle.ui-testing";
		};
/* End PBXNativeTarget section */

/* Begin PBXProject section */
		A4AC8DD12EB7E5AB00CD5FBD /* Project object */ = {
			isa = PBXProject;
			attributes = {
				BuildIndependentTargetsInParallel = 1;
				LastSwiftUpdateCheck = 1640;
				LastUpgradeCheck = 1640;
				TargetAttributes = {
					A4AC8DD82EB7E5AB00CD5FBD = {
						CreatedOnToolsVersion = 16.4;
					};
					A4AC8DE62EB7E5AD00CD5FBD = {
						CreatedOnToolsVersion = 16.4;
						TestTargetID = A4AC8DD82EB7E5AB00CD5FBD;
					};
					A4AC8DF02EB7E5AD00CD5FBD = {
						CreatedOnToolsVersion = 16.4;
						TestTargetID = A4AC8DD82EB7E5AB00CD5FBD;
					};
				};
			};
			buildConfigurationList = A4AC8DD42EB7E5AB00CD5FBD /* Build configuration list for PBXProject "ShiftlinkMain" */;
			developmentRegion = en;
			hasScannedForEncodings = 0;
			knownRegions = (
				en,
				Base,
			);
			mainGroup = A4AC8DD02EB7E5AB00CD5FBD;
			minimizedProjectReferenceProxies = 1;
			preferredProjectObjectVersion = 77;
			productRefGroup = A4AC8DDA2EB7E5AB00CD5FBD /* Products */;
			projectDirPath = "";
			projectRoot = "";
			targets = (
				A4AC8DD82EB7E5AB00CD5FBD /* ShiftlinkMain */,
				A4AC8DE62EB7E5AD00CD5FBD /* ShiftlinkMainTests */,
				A4AC8DF02EB7E5AD00CD5FBD /* ShiftlinkMainUITests */,
			);
		};
/* End PBXProject section */

/* Begin PBXResourcesBuildPhase section */
		A4AC8DD72EB7E5AB00CD5FBD /* Resources */ = {
			isa = PBXResourcesBuildPhase;
			buildActionMask = 2147483647;
			files = (
			);
			runOnlyForDeploymentPostprocessing = 0;
		};
		A4AC8DE52EB7E5AD00CD5FBD /* Resources */ = {
			isa = PBXResourcesBuildPhase;
			buildActionMask = 2147483647;
			files = (
			);
			runOnlyForDeploymentPostprocessing = 0;
		};
		A4AC8DEF2EB7E5AD00CD5FBD /* Resources */ = {
			isa = PBXResourcesBuildPhase;
			buildActionMask = 2147483647;
			files = (
			);
			runOnlyForDeploymentPostprocessing = 0;
		};
/* End PBXResourcesBuildPhase section */

/* Begin PBXSourcesBuildPhase section */
		A4AC8DD52EB7E5AB00CD5FBD /* Sources */ = {
			isa = PBXSourcesBuildPhase;
			buildActionMask = 2147483647;
			files = (
			);
			runOnlyForDeploymentPostprocessing = 0;
		};
		A4AC8DE32EB7E5AD00CD5FBD /* Sources */ = {
			isa = PBXSourcesBuildPhase;
			buildActionMask = 2147483647;
			files = (
			);
			runOnlyForDeploymentPostprocessing = 0;
		};
		A4AC8DED2EB7E5AD00CD5FBD /* Sources */ = {
			isa = PBXSourcesBuildPhase;
			buildActionMask = 2147483647;
			files = (
			);
			runOnlyForDeploymentPostprocessing = 0;
		};
/* End PBXSourcesBuildPhase section */

/* Begin PBXTargetDependency section */
		A4AC8DE92EB7E5AD00CD5FBD /* PBXTargetDependency */ = {
			isa = PBXTargetDependency;
			target = A4AC8DD82EB7E5AB00CD5FBD /* ShiftlinkMain */;
			targetProxy = A4AC8DE82EB7E5AD00CD5FBD /* PBXContainerItemProxy */;
		};
		A4AC8DF32EB7E5AD00CD5FBD /* PBXTargetDependency */ = {
			isa = PBXTargetDependency;
			target = A4AC8DD82EB7E5AB00CD5FBD /* ShiftlinkMain */;
			targetProxy = A4AC8DF22EB7E5AD00CD5FBD /* PBXContainerItemProxy */;
		};
/* End PBXTargetDependency section */

/* Begin XCBuildConfiguration section */
		A4AC8DF92EB7E5AD00CD5FBD /* Debug */ = {
			isa = XCBuildConfiguration;
			buildSettings = {
				ALWAYS_SEARCH_USER_PATHS = NO;
				ASSETCATALOG_COMPILER_GENERATE_SWIFT_ASSET_SYMBOL_EXTENSIONS = YES;
				CLANG_ANALYZER_NONNULL = YES;
				CLANG_ANALYZER_NUMBER_OBJECT_CONVERSION = YES_AGGRESSIVE;
				CLANG_CXX_LANGUAGE_STANDARD = "gnu++20";
				CLANG_ENABLE_MODULES = YES;
				CLANG_ENABLE_OBJC_ARC = YES;
				CLANG_ENABLE_OBJC_WEAK = YES;
				CLANG_WARN_BLOCK_CAPTURE_AUTORELEASING = YES;
				CLANG_WARN_BOOL_CONVERSION = YES;
				CLANG_WARN_COMMA = YES;
				CLANG_WARN_CONSTANT_CONVERSION = YES;
				CLANG_WARN_DEPRECATED_OBJC_IMPLEMENTATIONS = YES;
				CLANG_WARN_DIRECT_OBJC_ISA_USAGE = YES_ERROR;
				CLANG_WARN_DOCUMENTATION_COMMENTS = YES;
				CLANG_WARN_EMPTY_BODY = YES;
				CLANG_WARN_ENUM_CONVERSION = YES;
				CLANG_WARN_INFINITE_RECURSION = YES;
				CLANG_WARN_INT_CONVERSION = YES;
				CLANG_WARN_NON_LITERAL_NULL_CONVERSION = YES;
				CLANG_WARN_OBJC_IMPLICIT_RETAIN_SELF = YES;
				CLANG_WARN_OBJC_LITERAL_CONVERSION = YES;
				CLANG_WARN_OBJC_ROOT_CLASS = YES_ERROR;
				CLANG_WARN_QUOTED_INCLUDE_IN_FRAMEWORK_HEADER = YES;
				CLANG_WARN_RANGE_LOOP_ANALYSIS = YES;
				CLANG_WARN_STRICT_PROTOTYPES = YES;
				CLANG_WARN_SUSPICIOUS_MOVE = YES;
				CLANG_WARN_UNGUARDED_AVAILABILITY = YES_AGGRESSIVE;
				CLANG_WARN_UNREACHABLE_CODE = YES;
				CLANG_WARN__DUPLICATE_METHOD_MATCH = YES;
				COPY_PHASE_STRIP = NO;
				DEBUG_INFORMATION_FORMAT = dwarf;
				DEVELOPMENT_TEAM = K8Z2495KSX;
				ENABLE_STRICT_OBJC_MSGSEND = YES;
				ENABLE_TESTABILITY = YES;
				ENABLE_USER_SCRIPT_SANDBOXING = YES;
				GCC_C_LANGUAGE_STANDARD = gnu17;
				GCC_DYNAMIC_NO_PIC = NO;
				GCC_NO_COMMON_BLOCKS = YES;
				GCC_OPTIMIZATION_LEVEL = 0;
				GCC_PREPROCESSOR_DEFINITIONS = (
					"DEBUG=1",
					"$(inherited)",
				);
				GCC_WARN_64_TO_32_BIT_CONVERSION = YES;
				GCC_WARN_ABOUT_RETURN_TYPE = YES_ERROR;
				GCC_WARN_UNDECLARED_SELECTOR = YES;
				GCC_WARN_UNINITIALIZED_AUTOS = YES_AGGRESSIVE;
				GCC_WARN_UNUSED_FUNCTION = YES;
				GCC_WARN_UNUSED_VARIABLE = YES;
				LOCALIZATION_PREFERS_STRING_CATALOGS = YES;
				MTL_ENABLE_DEBUG_INFO = INCLUDE_SOURCE;
				MTL_FAST_MATH = YES;
				ONLY_ACTIVE_ARCH = YES;
				SWIFT_ACTIVE_COMPILATION_CONDITIONS = "DEBUG $(inherited)";
				SWIFT_OPTIMIZATION_LEVEL = "-Onone";
			};
			name = Debug;
		};
		A4AC8DFA2EB7E5AD00CD5FBD /* Release */ = {
			isa = XCBuildConfiguration;
			buildSettings = {
				ALWAYS_SEARCH_USER_PATHS = NO;
				ASSETCATALOG_COMPILER_GENERATE_SWIFT_ASSET_SYMBOL_EXTENSIONS = YES;
				CLANG_ANALYZER_NONNULL = YES;
				CLANG_ANALYZER_NUMBER_OBJECT_CONVERSION = YES_AGGRESSIVE;
				CLANG_CXX_LANGUAGE_STANDARD = "gnu++20";
				CLANG_ENABLE_MODULES = YES;
				CLANG_ENABLE_OBJC_ARC = YES;
				CLANG_ENABLE_OBJC_WEAK = YES;
				CLANG_WARN_BLOCK_CAPTURE_AUTORELEASING = YES;
				CLANG_WARN_BOOL_CONVERSION = YES;
				CLANG_WARN_COMMA = YES;
				CLANG_WARN_CONSTANT_CONVERSION = YES;
				CLANG_WARN_DEPRECATED_OBJC_IMPLEMENTATIONS = YES;
				CLANG_WARN_DIRECT_OBJC_ISA_USAGE = YES_ERROR;
				CLANG_WARN_DOCUMENTATION_COMMENTS = YES;
				CLANG_WARN_EMPTY_BODY = YES;
				CLANG_WARN_ENUM_CONVERSION = YES;
				CLANG_WARN_INFINITE_RECURSION = YES;
				CLANG_WARN_INT_CONVERSION = YES;
				CLANG_WARN_NON_LITERAL_NULL_CONVERSION = YES;
				CLANG_WARN_OBJC_IMPLICIT_RETAIN_SELF = YES;
				CLANG_WARN_OBJC_LITERAL_CONVERSION = YES;
				CLANG_WARN_OBJC_ROOT_CLASS = YES_ERROR;
				CLANG_WARN_QUOTED_INCLUDE_IN_FRAMEWORK_HEADER = YES;
				CLANG_WARN_RANGE_LOOP_ANALYSIS = YES;
				CLANG_WARN_STRICT_PROTOTYPES = YES;
				CLANG_WARN_SUSPICIOUS_MOVE = YES;
				CLANG_WARN_UNGUARDED_AVAILABILITY = YES_AGGRESSIVE;
				CLANG_WARN_UNREACHABLE_CODE = YES;
				CLANG_WARN__DUPLICATE_METHOD_MATCH = YES;
				COPY_PHASE_STRIP = NO;
				DEBUG_INFORMATION_FORMAT = "dwarf-with-dsym";
				DEVELOPMENT_TEAM = K8Z2495KSX;
				ENABLE_NS_ASSERTIONS = NO;
				ENABLE_STRICT_OBJC_MSGSEND = YES;
				ENABLE_USER_SCRIPT_SANDBOXING = YES;
				GCC_C_LANGUAGE_STANDARD = gnu17;
				GCC_NO_COMMON_BLOCKS = YES;
				GCC_WARN_64_TO_32_BIT_CONVERSION = YES;
				GCC_WARN_ABOUT_RETURN_TYPE = YES_ERROR;
				GCC_WARN_UNDECLARED_SELECTOR = YES;
				GCC_WARN_UNINITIALIZED_AUTOS = YES_AGGRESSIVE;
				GCC_WARN_UNUSED_FUNCTION = YES;
				GCC_WARN_UNUSED_VARIABLE = YES;
				LOCALIZATION_PREFERS_STRING_CATALOGS = YES;
				MTL_ENABLE_DEBUG_INFO = NO;
				MTL_FAST_MATH = YES;
				SWIFT_COMPILATION_MODE = wholemodule;
			};
			name = Release;
		};
		A4AC8DFC2EB7E5AD00CD5FBD /* Debug */ = {
			isa = XCBuildConfiguration;
			buildSettings = {
				ASSETCATALOG_COMPILER_APPICON_NAME = AppIcon;
				ASSETCATALOG_COMPILER_GLOBAL_ACCENT_COLOR_NAME = AccentColor;
				CODE_SIGN_ENTITLEMENTS = ShiftlinkMain/ShiftlinkMain.entitlements;
				CODE_SIGN_STYLE = Automatic;
				CURRENT_PROJECT_VERSION = 1;
				DEVELOPMENT_TEAM = K8Z2495KSX;
				ENABLE_HARDENED_RUNTIME = YES;
				ENABLE_PREVIEWS = YES;
				GENERATE_INFOPLIST_FILE = YES;
				"INFOPLIST_KEY_UIApplicationSceneManifest_Generation[sdk=iphoneos*]" = YES;
				"INFOPLIST_KEY_UIApplicationSceneManifest_Generation[sdk=iphonesimulator*]" = YES;
				"INFOPLIST_KEY_UIApplicationSupportsIndirectInputEvents[sdk=iphoneos*]" = YES;
				"INFOPLIST_KEY_UIApplicationSupportsIndirectInputEvents[sdk=iphonesimulator*]" = YES;
				"INFOPLIST_KEY_UILaunchScreen_Generation[sdk=iphoneos*]" = YES;
				"INFOPLIST_KEY_UILaunchScreen_Generation[sdk=iphonesimulator*]" = YES;
				"INFOPLIST_KEY_UIStatusBarStyle[sdk=iphoneos*]" = UIStatusBarStyleDefault;
				"INFOPLIST_KEY_UIStatusBarStyle[sdk=iphonesimulator*]" = UIStatusBarStyleDefault;
				INFOPLIST_KEY_UISupportedInterfaceOrientations_iPad = "UIInterfaceOrientationPortrait UIInterfaceOrientationPortraitUpsideDown UIInterfaceOrientationLandscapeLeft UIInterfaceOrientationLandscapeRight";
				INFOPLIST_KEY_UISupportedInterfaceOrientations_iPhone = "UIInterfaceOrientationPortrait UIInterfaceOrientationLandscapeLeft UIInterfaceOrientationLandscapeRight";
				IPHONEOS_DEPLOYMENT_TARGET = 18.5;
				LD_RUNPATH_SEARCH_PATHS = "@executable_path/Frameworks";
				"LD_RUNPATH_SEARCH_PATHS[sdk=macosx*]" = "@executable_path/../Frameworks";
				MACOSX_DEPLOYMENT_TARGET = 15.3;
				MARKETING_VERSION = 1.0;
				PRODUCT_BUNDLE_IDENTIFIER = "Gerald-Sarno.ShiftlinkMain";
				PRODUCT_NAME = "$(TARGET_NAME)";
				REGISTER_APP_GROUPS = YES;
				SDKROOT = auto;
				SUPPORTED_PLATFORMS = "iphoneos iphonesimulator macosx xros xrsimulator";
				SWIFT_EMIT_LOC_STRINGS = YES;
				SWIFT_VERSION = 5.0;
				TARGETED_DEVICE_FAMILY = "1,2,7";
				XROS_DEPLOYMENT_TARGET = 2.5;
			};
			name = Debug;
		};
		A4AC8DFD2EB7E5AD00CD5FBD /* Release */ = {
			isa = XCBuildConfiguration;
			buildSettings = {
				ASSETCATALOG_COMPILER_APPICON_NAME = AppIcon;
				ASSETCATALOG_COMPILER_GLOBAL_ACCENT_COLOR_NAME = AccentColor;
				CODE_SIGN_ENTITLEMENTS = ShiftlinkMain/ShiftlinkMain.entitlements;
				CODE_SIGN_STYLE = Automatic;
				CURRENT_PROJECT_VERSION = 1;
				DEVELOPMENT_TEAM = K8Z2495KSX;
				ENABLE_HARDENED_RUNTIME = YES;
				ENABLE_PREVIEWS = YES;
				GENERATE_INFOPLIST_FILE = YES;
				"INFOPLIST_KEY_UIApplicationSceneManifest_Generation[sdk=iphoneos*]" = YES;
				"INFOPLIST_KEY_UIApplicationSceneManifest_Generation[sdk=iphonesimulator*]" = YES;
				"INFOPLIST_KEY_UIApplicationSupportsIndirectInputEvents[sdk=iphoneos*]" = YES;
				"INFOPLIST_KEY_UIApplicationSupportsIndirectInputEvents[sdk=iphonesimulator*]" = YES;
				"INFOPLIST_KEY_UILaunchScreen_Generation[sdk=iphoneos*]" = YES;
				"INFOPLIST_KEY_UILaunchScreen_Generation[sdk=iphonesimulator*]" = YES;
				"INFOPLIST_KEY_UIStatusBarStyle[sdk=iphoneos*]" = UIStatusBarStyleDefault;
				"INFOPLIST_KEY_UIStatusBarStyle[sdk=iphonesimulator*]" = UIStatusBarStyleDefault;
				INFOPLIST_KEY_UISupportedInterfaceOrientations_iPad = "UIInterfaceOrientationPortrait UIInterfaceOrientationPortraitUpsideDown UIInterfaceOrientationLandscapeLeft UIInterfaceOrientationLandscapeRight";
				INFOPLIST_KEY_UISupportedInterfaceOrientations_iPhone = "UIInterfaceOrientationPortrait UIInterfaceOrientationLandscapeLeft UIInterfaceOrientationLandscapeRight";
				IPHONEOS_DEPLOYMENT_TARGET = 18.5;
				LD_RUNPATH_SEARCH_PATHS = "@executable_path/Frameworks";
				"LD_RUNPATH_SEARCH_PATHS[sdk=macosx*]" = "@executable_path/../Frameworks";
				MACOSX_DEPLOYMENT_TARGET = 15.3;
				MARKETING_VERSION = 1.0;
				PRODUCT_BUNDLE_IDENTIFIER = "Gerald-Sarno.ShiftlinkMain";
				PRODUCT_NAME = "$(TARGET_NAME)";
				REGISTER_APP_GROUPS = YES;
				SDKROOT = auto;
				SUPPORTED_PLATFORMS = "iphoneos iphonesimulator macosx xros xrsimulator";
				SWIFT_EMIT_LOC_STRINGS = YES;
				SWIFT_VERSION = 5.0;
				TARGETED_DEVICE_FAMILY = "1,2,7";
				XROS_DEPLOYMENT_TARGET = 2.5;
			};
			name = Release;
		};
		A4AC8DFF2EB7E5AD00CD5FBD /* Debug */ = {
			isa = XCBuildConfiguration;
			buildSettings = {
				BUNDLE_LOADER = "$(TEST_HOST)";
				CODE_SIGN_STYLE = Automatic;
				CURRENT_PROJECT_VERSION = 1;
				DEVELOPMENT_TEAM = K8Z2495KSX;
				GENERATE_INFOPLIST_FILE = YES;
				IPHONEOS_DEPLOYMENT_TARGET = 18.5;
				MACOSX_DEPLOYMENT_TARGET = 15.3;
				MARKETING_VERSION = 1.0;
				PRODUCT_BUNDLE_IDENTIFIER = "Gerald-Sarno.ShiftlinkMainTests";
				PRODUCT_NAME = "$(TARGET_NAME)";
				SDKROOT = auto;
				SUPPORTED_PLATFORMS = "iphoneos iphonesimulator macosx xros xrsimulator";
				SWIFT_EMIT_LOC_STRINGS = NO;
				SWIFT_VERSION = 5.0;
				TARGETED_DEVICE_FAMILY = "1,2,7";
				TEST_HOST = "$(BUILT_PRODUCTS_DIR)/ShiftlinkMain.app/$(BUNDLE_EXECUTABLE_FOLDER_PATH)/ShiftlinkMain";
				XROS_DEPLOYMENT_TARGET = 2.5;
			};
			name = Debug;
		};
		A4AC8E002EB7E5AD00CD5FBD /* Release */ = {
			isa = XCBuildConfiguration;
			buildSettings = {
				BUNDLE_LOADER = "$(TEST_HOST)";
				CODE_SIGN_STYLE = Automatic;
				CURRENT_PROJECT_VERSION = 1;
				DEVELOPMENT_TEAM = K8Z2495KSX;
				GENERATE_INFOPLIST_FILE = YES;
				IPHONEOS_DEPLOYMENT_TARGET = 18.5;
				MACOSX_DEPLOYMENT_TARGET = 15.3;
				MARKETING_VERSION = 1.0;
				PRODUCT_BUNDLE_IDENTIFIER = "Gerald-Sarno.ShiftlinkMainTests";
				PRODUCT_NAME = "$(TARGET_NAME)";
				SDKROOT = auto;
				SUPPORTED_PLATFORMS = "iphoneos iphonesimulator macosx xros xrsimulator";
				SWIFT_EMIT_LOC_STRINGS = NO;
				SWIFT_VERSION = 5.0;
				TARGETED_DEVICE_FAMILY = "1,2,7";
				TEST_HOST = "$(BUILT_PRODUCTS_DIR)/ShiftlinkMain.app/$(BUNDLE_EXECUTABLE_FOLDER_PATH)/ShiftlinkMain";
				XROS_DEPLOYMENT_TARGET = 2.5;
			};
			name = Release;
		};
		A4AC8E022EB7E5AD00CD5FBD /* Debug */ = {
			isa = XCBuildConfiguration;
			buildSettings = {
				CODE_SIGN_STYLE = Automatic;
				CURRENT_PROJECT_VERSION = 1;
				DEVELOPMENT_TEAM = K8Z2495KSX;
				GENERATE_INFOPLIST_FILE = YES;
				IPHONEOS_DEPLOYMENT_TARGET = 18.5;
				MACOSX_DEPLOYMENT_TARGET = 15.3;
				MARKETING_VERSION = 1.0;
				PRODUCT_BUNDLE_IDENTIFIER = "Gerald-Sarno.ShiftlinkMainUITests";
				PRODUCT_NAME = "$(TARGET_NAME)";
				SDKROOT = auto;
				SUPPORTED_PLATFORMS = "iphoneos iphonesimulator macosx xros xrsimulator";
				SWIFT_EMIT_LOC_STRINGS = NO;
				SWIFT_VERSION = 5.0;
				TARGETED_DEVICE_FAMILY = "1,2,7";
				TEST_TARGET_NAME = ShiftlinkMain;
				XROS_DEPLOYMENT_TARGET = 2.5;
			};
			name = Debug;
		};
		A4AC8E032EB7E5AD00CD5FBD /* Release */ = {
			isa = XCBuildConfiguration;
			buildSettings = {
				CODE_SIGN_STYLE = Automatic;
				CURRENT_PROJECT_VERSION = 1;
				DEVELOPMENT_TEAM = K8Z2495KSX;
				GENERATE_INFOPLIST_FILE = YES;
				IPHONEOS_DEPLOYMENT_TARGET = 18.5;
				MACOSX_DEPLOYMENT_TARGET = 15.3;
				MARKETING_VERSION = 1.0;
				PRODUCT_BUNDLE_IDENTIFIER = "Gerald-Sarno.ShiftlinkMainUITests";
				PRODUCT_NAME = "$(TARGET_NAME)";
				SDKROOT = auto;
				SUPPORTED_PLATFORMS = "iphoneos iphonesimulator macosx xros xrsimulator";
				SWIFT_EMIT_LOC_STRINGS = NO;
				SWIFT_VERSION = 5.0;
				TARGETED_DEVICE_FAMILY = "1,2,7";
				TEST_TARGET_NAME = ShiftlinkMain;
				XROS_DEPLOYMENT_TARGET = 2.5;
			};
			name = Release;
		};
/* End XCBuildConfiguration section */

/* Begin XCConfigurationList section */
		A4AC8DD42EB7E5AB00CD5FBD /* Build configuration list for PBXProject "ShiftlinkMain" */ = {
			isa = XCConfigurationList;
			buildConfigurations = (
				A4AC8DF92EB7E5AD00CD5FBD /* Debug */,
				A4AC8DFA2EB7E5AD00CD5FBD /* Release */,
			);
			defaultConfigurationIsVisible = 0;
			defaultConfigurationName = Release;
		};
		A4AC8DFB2EB7E5AD00CD5FBD /* Build configuration list for PBXNativeTarget "ShiftlinkMain" */ = {
			isa = XCConfigurationList;
			buildConfigurations = (
				A4AC8DFC2EB7E5AD00CD5FBD /* Debug */,
				A4AC8DFD2EB7E5AD00CD5FBD /* Release */,
			);
			defaultConfigurationIsVisible = 0;
			defaultConfigurationName = Release;
		};
		A4AC8DFE2EB7E5AD00CD5FBD /* Build configuration list for PBXNativeTarget "ShiftlinkMainTests" */ = {
			isa = XCConfigurationList;
			buildConfigurations = (
				A4AC8DFF2EB7E5AD00CD5FBD /* Debug */,
				A4AC8E002EB7E5AD00CD5FBD /* Release */,
			);
			defaultConfigurationIsVisible = 0;
			defaultConfigurationName = Release;
		};
		A4AC8E012EB7E5AD00CD5FBD /* Build configuration list for PBXNativeTarget "ShiftlinkMainUITests" */ = {
			isa = XCConfigurationList;
			buildConfigurations = (
				A4AC8E022EB7E5AD00CD5FBD /* Debug */,
				A4AC8E032EB7E5AD00CD5FBD /* Release */,
			);
			defaultConfigurationIsVisible = 0;
			defaultConfigurationName = Release;
		};
/* End XCConfigurationList section */
	};
	rootObject = A4AC8DD12EB7E5AB00CD5FBD /* Project object */;
}
